{
  "version": 4,
  "terraform_version": "1.4.6",
  "serial": 205,
  "lineage": "857fe255-c634-552c-7e43-63bc2edf2f8d",
  "outputs": {
    "service_endpoint_name": {
      "value": "github-connection",
      "type": "string"
    }
  },
  "resources": [
    {
      "mode": "managed",
      "type": "azuredevops_build_definition",
      "name": "example",
      "provider": "provider[\"registry.terraform.io/microsoft/azuredevops\"]",
      "instances": [
        {
          "schema_version": 0,
          "attributes": {
            "agent_pool_name": "ubuntupool",
            "ci_trigger": [
              {
                "override": [],
                "use_yaml": true
              }
            ],
            "id": "24",
            "name": "Example Build Definition",
            "path": "\\",
            "project_id": "b742317b-8093-4302-a5ae-5fa015080fdf",
            "pull_request_trigger": [],
            "repository": [
              {
                "branch_name": "main",
                "github_enterprise_url": "",
                "repo_id": "aayushknoldus03/jenkinsdemoproject",
                "repo_type": "GitHub",
                "report_build_status": true,
                "service_connection_id": "cc288ac5-13ba-44e5-9cb4-1d336d440b15",
                "yml_path": "azure-pipeline.yml"
              }
            ],
            "revision": 1,
            "schedules": [],
            "variable": [],
            "variable_groups": null
          },
          "sensitive_attributes": [],
          "private": "bnVsbA==",
          "dependencies": [
            "azuredevops_project.example",
            "azuredevops_serviceendpoint_github.github_conn"
          ]
        }
      ]
    },
    {
      "mode": "managed",
      "type": "azuredevops_git_repository",
      "name": "example-import",
      "provider": "provider[\"registry.terraform.io/microsoft/azuredevops\"]",
      "instances": [
        {
          "schema_version": 0,
          "attributes": {
            "default_branch": "refs/heads/main",
            "id": "fe43d59c-e2fa-4931-a54e-460d5890ecf3",
            "initialization": [
              {
                "init_type": "Import",
                "service_connection_id": "",
                "source_type": "Git",
                "source_url": "https://github.com/aayushknoldus03/jenkinsdemoproject"
              }
            ],
            "is_fork": false,
            "name": "github-repo",
            "parent_repository_id": null,
            "project_id": "b742317b-8093-4302-a5ae-5fa015080fdf",
            "remote_url": "https://aayushbisht0173@dev.azure.com/aayushbisht0173/Example%20Project/_git/github-repo",
            "size": 10745,
            "ssh_url": "git@ssh.dev.azure.com:v3/aayushbisht0173/Example%20Project/github-repo",
            "url": "https://dev.azure.com/aayushbisht0173/b742317b-8093-4302-a5ae-5fa015080fdf/_apis/git/repositories/fe43d59c-e2fa-4931-a54e-460d5890ecf3",
            "web_url": "https://dev.azure.com/aayushbisht0173/Example%20Project/_git/github-repo"
          },
          "sensitive_attributes": [],
          "private": "bnVsbA==",
          "dependencies": [
            "azuredevops_project.example"
          ]
        }
      ]
    },
    {
      "mode": "managed",
      "type": "azuredevops_project",
      "name": "example",
      "provider": "provider[\"registry.terraform.io/microsoft/azuredevops\"]",
      "instances": [
        {
          "schema_version": 0,
          "attributes": {
            "description": "",
            "features": null,
            "id": "b742317b-8093-4302-a5ae-5fa015080fdf",
            "name": "Example Project",
            "process_template_id": "b8a3a935-7e91-48b8-a94c-606d37c3e9f2",
            "timeouts": null,
            "version_control": "Git",
            "visibility": "private",
            "work_item_template": "Basic"
          },
          "sensitive_attributes": [],
          "private": "eyJlMmJmYjczMC1lY2FhLTExZTYtOGY4OC0zNDM2M2JjN2M0YzAiOnsiY3JlYXRlIjo2MDAwMDAwMDAwMDAsImRlbGV0ZSI6NjAwMDAwMDAwMDAwLCJyZWFkIjozMDAwMDAwMDAwMDAsInVwZGF0ZSI6NjAwMDAwMDAwMDAwfX0="
        }
      ]
    },
    {
      "mode": "managed",
      "type": "azuredevops_serviceendpoint_github",
      "name": "github_conn",
      "provider": "provider[\"registry.terraform.io/microsoft/azuredevops\"]",
      "instances": [
        {
          "schema_version": 0,
          "attributes": {
            "auth_oauth": [],
            "auth_personal": [
              {
                "personal_access_token": "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",
                "personal_access_token_hash": "$2a$04$iqKyeXSEO5lV8VepktXeJ.D7.SHUE9WppKTSrWcefJdrjJmr7WauG"
              }
            ],
            "authorization": {
              "scheme": "Token"
            },
            "description": "Managed by Terraform",
            "id": "cc288ac5-13ba-44e5-9cb4-1d336d440b15",
            "project_id": "b742317b-8093-4302-a5ae-5fa015080fdf",
            "service_endpoint_name": "github-connection",
            "timeouts": null
          },
          "sensitive_attributes": [],
          "private": "eyJlMmJmYjczMC1lY2FhLTExZTYtOGY4OC0zNDM2M2JjN2M0YzAiOnsiY3JlYXRlIjoxMjAwMDAwMDAwMDAsImRlbGV0ZSI6MTIwMDAwMDAwMDAwLCJyZWFkIjo2MDAwMDAwMDAwMCwidXBkYXRlIjoxMjAwMDAwMDAwMDB9fQ==",
          "dependencies": [
            "azuredevops_project.example"
          ]
        }
      ]
    }
  ],
  "check_results": null
}
