{
  "version": 4,
  "terraform_version": "1.5.3",
  "serial": 181,
  "lineage": "7af6e571-02f2-dcad-3cc5-44d6d325d0c0",
  "outputs": {},
  "resources": [
    {
      "mode": "data",
      "type": "azurerm_client_config",
      "name": "current",
      "provider": "provider[\"registry.terraform.io/hashicorp/azurerm\"]",
      "instances": [
        {
          "schema_version": 0,
          "attributes": {
            "client_id": "04b07795-8ddb-461a-bbee-02f9e1bf7b46",
            "id": "Y2xpZW50Q29uZmlncy9jbGllbnRJZD0wNGIwNzc5NS04ZGRiLTQ2MWEtYmJlZS0wMmY5ZTFiZjdiNDY7b2JqZWN0SWQ9MmI1MWVmMjMtZmI0NC00OTMxLWJlMDMtNTRlMzMwYTQwYjM2O3N1YnNjcmlwdGlvbklkPTk4NTdkNGIwLWVkYWEtNGM1NC04M2MxLWJjMzIxNmI5MzZiOTt0ZW5hbnRJZD1mYTA0ZGE1Yi1kMjIwLTRmMWQtYmE3ZC1hOWM5YmUxMzhkZTE=",
            "object_id": "2b51ef23-fb44-4931-be03-54e330a40b36",
            "subscription_id": "9857d4b0-edaa-4c54-83c1-bc3216b936b9",
            "tenant_id": "fa04da5b-d220-4f1d-ba7d-a9c9be138de1",
            "timeouts": null
          },
          "sensitive_attributes": []
        }
      ]
    },
    {
      "mode": "data",
      "type": "azurerm_key_vault_secret",
      "name": "pass",
      "provider": "provider[\"registry.terraform.io/hashicorp/azurerm\"]",
      "instances": [
        {
          "schema_version": 0,
          "attributes": {
            "content_type": "",
            "expiration_date": null,
            "id": "https://newkeyvault1234000.vault.azure.net/secrets/newsecret/0a6b482d0c1444489516dceda3527bc5",
            "key_vault_id": "/subscriptions/9857d4b0-edaa-4c54-83c1-bc3216b936b9/resourceGroups/aayush-keyvault/providers/Microsoft.KeyVault/vaults/newkeyvault1234000",
            "name": "newsecret",
            "not_before_date": null,
            "resource_id": "/subscriptions/9857d4b0-edaa-4c54-83c1-bc3216b936b9/resourceGroups/aayush-keyvault/providers/Microsoft.KeyVault/vaults/newkeyvault1234000/secrets/newsecret/versions/0a6b482d0c1444489516dceda3527bc5",
            "resource_versionless_id": "/subscriptions/9857d4b0-edaa-4c54-83c1-bc3216b936b9/resourceGroups/aayush-keyvault/providers/Microsoft.KeyVault/vaults/newkeyvault1234000/secrets/newsecret",
            "tags": {},
            "timeouts": null,
            "value": "QWF5dXNoMDcq",
            "version": "0a6b482d0c1444489516dceda3527bc5",
            "versionless_id": "https://newkeyvault1234000.vault.azure.net/secrets/newsecret"
          },
          "sensitive_attributes": []
        }
      ]
    },
    {
      "mode": "managed",
      "type": "azurerm_key_vault",
      "name": "keyvault",
      "provider": "provider[\"registry.terraform.io/hashicorp/azurerm\"]",
      "instances": [
        {
          "schema_version": 2,
          "attributes": {
            "access_policy": [
              {
                "application_id": "",
                "certificate_permissions": [],
                "key_permissions": [
                  "Create",
                  "Delete",
                  "Get",
                  "List",
                  "Update"
                ],
                "object_id": "2b51ef23-fb44-4931-be03-54e330a40b36",
                "secret_permissions": [
                  "Get",
                  "List",
                  "Set",
                  "Delete",
                  "Purge"
                ],
                "storage_permissions": [],
                "tenant_id": "fa04da5b-d220-4f1d-ba7d-a9c9be138de1"
              }
            ],
            "contact": [],
            "enable_rbac_authorization": false,
            "enabled_for_deployment": false,
            "enabled_for_disk_encryption": false,
            "enabled_for_template_deployment": false,
            "id": "/subscriptions/9857d4b0-edaa-4c54-83c1-bc3216b936b9/resourceGroups/aayush-keyvault/providers/Microsoft.KeyVault/vaults/newkeyvault1234000",
            "location": "canadacentral",
            "name": "newkeyvault1234000",
            "network_acls": [
              {
                "bypass": "AzureServices",
                "default_action": "Allow",
                "ip_rules": [],
                "virtual_network_subnet_ids": []
              }
            ],
            "public_network_access_enabled": true,
            "purge_protection_enabled": false,
            "resource_group_name": "aayush-keyvault",
            "sku_name": "standard",
            "soft_delete_retention_days": 7,
            "tags": {},
            "tenant_id": "fa04da5b-d220-4f1d-ba7d-a9c9be138de1",
            "timeouts": null,
            "vault_uri": "https://newkeyvault1234000.vault.azure.net/"
          },
          "sensitive_attributes": [],
          "private": "eyJlMmJmYjczMC1lY2FhLTExZTYtOGY4OC0zNDM2M2JjN2M0YzAiOnsiY3JlYXRlIjoxODAwMDAwMDAwMDAwLCJkZWxldGUiOjE4MDAwMDAwMDAwMDAsInJlYWQiOjMwMDAwMDAwMDAwMCwidXBkYXRlIjoxODAwMDAwMDAwMDAwfSwic2NoZW1hX3ZlcnNpb24iOiIyIn0=",
          "dependencies": [
            "azurerm_resource_group.rg_1",
            "data.azurerm_client_config.current"
          ]
        }
      ]
    },
    {
      "mode": "managed",
      "type": "azurerm_key_vault_secret",
      "name": "vm_password",
      "provider": "provider[\"registry.terraform.io/hashicorp/azurerm\"]",
      "instances": [
        {
          "schema_version": 0,
          "attributes": {
            "content_type": "",
            "expiration_date": null,
            "id": "https://newkeyvault1234000.vault.azure.net/secrets/newsecret/0a6b482d0c1444489516dceda3527bc5",
            "key_vault_id": "/subscriptions/9857d4b0-edaa-4c54-83c1-bc3216b936b9/resourceGroups/aayush-keyvault/providers/Microsoft.KeyVault/vaults/newkeyvault1234000",
            "name": "newsecret",
            "not_before_date": null,
            "resource_id": "/subscriptions/9857d4b0-edaa-4c54-83c1-bc3216b936b9/resourceGroups/aayush-keyvault/providers/Microsoft.KeyVault/vaults/newkeyvault1234000/secrets/newsecret/versions/0a6b482d0c1444489516dceda3527bc5",
            "resource_versionless_id": "/subscriptions/9857d4b0-edaa-4c54-83c1-bc3216b936b9/resourceGroups/aayush-keyvault/providers/Microsoft.KeyVault/vaults/newkeyvault1234000/secrets/newsecret",
            "tags": {},
            "timeouts": null,
            "value": "QWF5dXNoMDcq",
            "version": "0a6b482d0c1444489516dceda3527bc5",
            "versionless_id": "https://newkeyvault1234000.vault.azure.net/secrets/newsecret"
          },
          "sensitive_attributes": [],
          "private": "eyJlMmJmYjczMC1lY2FhLTExZTYtOGY4OC0zNDM2M2JjN2M0YzAiOnsiY3JlYXRlIjoxODAwMDAwMDAwMDAwLCJkZWxldGUiOjE4MDAwMDAwMDAwMDAsInJlYWQiOjE4MDAwMDAwMDAwMDAsInVwZGF0ZSI6MTgwMDAwMDAwMDAwMH19",
          "dependencies": [
            "azurerm_key_vault.keyvault",
            "azurerm_resource_group.rg_1",
            "data.azurerm_client_config.current"
          ]
        }
      ]
    },
    {
      "mode": "managed",
      "type": "azurerm_linux_virtual_machine",
      "name": "my_terraform_vm",
      "provider": "provider[\"registry.terraform.io/hashicorp/azurerm\"]",
      "instances": [
        {
          "schema_version": 0,
          "attributes": {
            "additional_capabilities": [],
            "admin_password": "Aayush07*",
            "admin_ssh_key": [],
            "admin_username": "azureuser",
            "allow_extension_operations": true,
            "availability_set_id": "",
            "boot_diagnostics": [],
            "capacity_reservation_group_id": "",
            "computer_name": "myvm",
            "custom_data": null,
            "dedicated_host_group_id": "",
            "dedicated_host_id": "",
            "disable_password_authentication": false,
            "edge_zone": "",
            "encryption_at_host_enabled": false,
            "eviction_policy": "",
            "extensions_time_budget": "PT1H30M",
            "gallery_application": [],
            "id": "/subscriptions/9857d4b0-edaa-4c54-83c1-bc3216b936b9/resourceGroups/aayush-keyvault/providers/Microsoft.Compute/virtualMachines/myVM1",
            "identity": [
              {
                "identity_ids": null,
                "principal_id": "54f28918-3d83-4f75-9be2-fe24ad32f75d",
                "tenant_id": "fa04da5b-d220-4f1d-ba7d-a9c9be138de1",
                "type": "SystemAssigned"
              }
            ],
            "license_type": "",
            "location": "canadacentral",
            "max_bid_price": -1,
            "name": "myVM1",
            "network_interface_ids": [
              "/subscriptions/9857d4b0-edaa-4c54-83c1-bc3216b936b9/resourceGroups/aayush-keyvault/providers/Microsoft.Network/networkInterfaces/myNIC"
            ],
            "os_disk": [
              {
                "caching": "ReadWrite",
                "diff_disk_settings": [],
                "disk_encryption_set_id": "",
                "disk_size_gb": 30,
                "name": "myOsDisk",
                "secure_vm_disk_encryption_set_id": "",
                "security_encryption_type": "",
                "storage_account_type": "Premium_LRS",
                "write_accelerator_enabled": false
              }
            ],
            "patch_assessment_mode": "ImageDefault",
            "patch_mode": "ImageDefault",
            "plan": [],
            "platform_fault_domain": -1,
            "priority": "Regular",
            "private_ip_address": "10.0.0.4",
            "private_ip_addresses": [
              "10.0.0.4"
            ],
            "provision_vm_agent": true,
            "proximity_placement_group_id": "",
            "public_ip_address": "20.151.133.147",
            "public_ip_addresses": [
              "20.151.133.147"
            ],
            "resource_group_name": "aayush-keyvault",
            "secret": [],
            "secure_boot_enabled": false,
            "size": "Standard_DS1_v2",
            "source_image_id": "",
            "source_image_reference": [
              {
                "offer": "0001-com-ubuntu-server-jammy",
                "publisher": "Canonical",
                "sku": "22_04-lts-gen2",
                "version": "latest"
              }
            ],
            "tags": null,
            "termination_notification": null,
            "timeouts": null,
            "user_data": "",
            "virtual_machine_id": "b9c3c5a9-d9e6-4145-8ec7-485cff42dcc9",
            "virtual_machine_scale_set_id": "",
            "vtpm_enabled": false,
            "zone": ""
          },
          "sensitive_attributes": [
            [
              {
                "type": "get_attr",
                "value": "admin_password"
              }
            ]
          ],
          "private": "eyJlMmJmYjczMC1lY2FhLTExZTYtOGY4OC0zNDM2M2JjN2M0YzAiOnsiY3JlYXRlIjoyNzAwMDAwMDAwMDAwLCJkZWxldGUiOjI3MDAwMDAwMDAwMDAsInJlYWQiOjMwMDAwMDAwMDAwMCwidXBkYXRlIjoyNzAwMDAwMDAwMDAwfX0=",
          "dependencies": [
            "azurerm_key_vault.keyvault",
            "azurerm_network_interface.my_nic",
            "azurerm_resource_group.rg_1",
            "data.azurerm_key_vault_secret.pass"
          ]
        }
      ]
    },
    {
      "mode": "managed",
      "type": "azurerm_network_interface",
      "name": "my_nic",
      "provider": "provider[\"registry.terraform.io/hashicorp/azurerm\"]",
      "instances": [
        {
          "schema_version": 0,
          "attributes": {
            "applied_dns_servers": [],
            "dns_servers": [],
            "edge_zone": "",
            "enable_accelerated_networking": false,
            "enable_ip_forwarding": false,
            "id": "/subscriptions/9857d4b0-edaa-4c54-83c1-bc3216b936b9/resourceGroups/aayush-keyvault/providers/Microsoft.Network/networkInterfaces/myNIC",
            "internal_dns_name_label": "",
            "internal_domain_name_suffix": "akhvv44re4kutgs2pwxtumjt5e.ux.internal.cloudapp.net",
            "ip_configuration": [
              {
                "gateway_load_balancer_frontend_ip_configuration_id": "",
                "name": "my_nic_configuration",
                "primary": true,
                "private_ip_address": "10.0.0.4",
                "private_ip_address_allocation": "Dynamic",
                "private_ip_address_version": "IPv4",
                "public_ip_address_id": "/subscriptions/9857d4b0-edaa-4c54-83c1-bc3216b936b9/resourceGroups/aayush-keyvault/providers/Microsoft.Network/publicIPAddresses/myPublicIP",
                "subnet_id": "/subscriptions/9857d4b0-edaa-4c54-83c1-bc3216b936b9/resourceGroups/aayush-keyvault/providers/Microsoft.Network/virtualNetworks/my-vnet01/subnets/my-subnet02"
              }
            ],
            "location": "canadacentral",
            "mac_address": "",
            "name": "myNIC",
            "private_ip_address": "10.0.0.4",
            "private_ip_addresses": [
              "10.0.0.4"
            ],
            "resource_group_name": "aayush-keyvault",
            "tags": {},
            "timeouts": null,
            "virtual_machine_id": ""
          },
          "sensitive_attributes": [],
          "private": "eyJlMmJmYjczMC1lY2FhLTExZTYtOGY4OC0zNDM2M2JjN2M0YzAiOnsiY3JlYXRlIjoxODAwMDAwMDAwMDAwLCJkZWxldGUiOjE4MDAwMDAwMDAwMDAsInJlYWQiOjMwMDAwMDAwMDAwMCwidXBkYXRlIjoxODAwMDAwMDAwMDAwfX0=",
          "dependencies": [
            "azurerm_public_ip.my_public_ip",
            "azurerm_resource_group.rg_1",
            "azurerm_subnet.example-1",
            "azurerm_virtual_network.example-1"
          ]
        }
      ]
    },
    {
      "mode": "managed",
      "type": "azurerm_network_interface_security_group_association",
      "name": "example",
      "provider": "provider[\"registry.terraform.io/hashicorp/azurerm\"]",
      "instances": [
        {
          "schema_version": 0,
          "attributes": {
            "id": "/subscriptions/9857d4b0-edaa-4c54-83c1-bc3216b936b9/resourceGroups/aayush-keyvault/providers/Microsoft.Network/networkInterfaces/myNIC|/subscriptions/9857d4b0-edaa-4c54-83c1-bc3216b936b9/resourceGroups/aayush-keyvault/providers/Microsoft.Network/networkSecurityGroups/myNetworkSecurityGroup",
            "network_interface_id": "/subscriptions/9857d4b0-edaa-4c54-83c1-bc3216b936b9/resourceGroups/aayush-keyvault/providers/Microsoft.Network/networkInterfaces/myNIC",
            "network_security_group_id": "/subscriptions/9857d4b0-edaa-4c54-83c1-bc3216b936b9/resourceGroups/aayush-keyvault/providers/Microsoft.Network/networkSecurityGroups/myNetworkSecurityGroup",
            "timeouts": null
          },
          "sensitive_attributes": [],
          "private": "eyJlMmJmYjczMC1lY2FhLTExZTYtOGY4OC0zNDM2M2JjN2M0YzAiOnsiY3JlYXRlIjoxODAwMDAwMDAwMDAwLCJkZWxldGUiOjE4MDAwMDAwMDAwMDAsInJlYWQiOjMwMDAwMDAwMDAwMCwidXBkYXRlIjoxODAwMDAwMDAwMDAwfX0=",
          "dependencies": [
            "azurerm_network_interface.my_nic",
            "azurerm_network_security_group.my_nsg",
            "azurerm_public_ip.my_public_ip",
            "azurerm_resource_group.rg_1",
            "azurerm_subnet.example-1",
            "azurerm_virtual_network.example-1"
          ]
        }
      ]
    },
    {
      "mode": "managed",
      "type": "azurerm_network_security_group",
      "name": "my_nsg",
      "provider": "provider[\"registry.terraform.io/hashicorp/azurerm\"]",
      "instances": [
        {
          "schema_version": 0,
          "attributes": {
            "id": "/subscriptions/9857d4b0-edaa-4c54-83c1-bc3216b936b9/resourceGroups/aayush-keyvault/providers/Microsoft.Network/networkSecurityGroups/myNetworkSecurityGroup",
            "location": "canadacentral",
            "name": "myNetworkSecurityGroup",
            "resource_group_name": "aayush-keyvault",
            "security_rule": [
              {
                "access": "Allow",
                "description": "",
                "destination_address_prefix": "*",
                "destination_address_prefixes": [],
                "destination_application_security_group_ids": [],
                "destination_port_range": "22",
                "destination_port_ranges": [],
                "direction": "Inbound",
                "name": "SSH",
                "priority": 1001,
                "protocol": "Tcp",
                "source_address_prefix": "*",
                "source_address_prefixes": [],
                "source_application_security_group_ids": [],
                "source_port_range": "*",
                "source_port_ranges": []
              }
            ],
            "tags": {},
            "timeouts": null
          },
          "sensitive_attributes": [],
          "private": "eyJlMmJmYjczMC1lY2FhLTExZTYtOGY4OC0zNDM2M2JjN2M0YzAiOnsiY3JlYXRlIjoxODAwMDAwMDAwMDAwLCJkZWxldGUiOjE4MDAwMDAwMDAwMDAsInJlYWQiOjMwMDAwMDAwMDAwMCwidXBkYXRlIjoxODAwMDAwMDAwMDAwfX0=",
          "dependencies": [
            "azurerm_resource_group.rg_1"
          ]
        }
      ]
    },
    {
      "mode": "managed",
      "type": "azurerm_public_ip",
      "name": "my_public_ip",
      "provider": "provider[\"registry.terraform.io/hashicorp/azurerm\"]",
      "instances": [
        {
          "schema_version": 0,
          "attributes": {
            "allocation_method": "Dynamic",
            "ddos_protection_mode": "VirtualNetworkInherited",
            "ddos_protection_plan_id": null,
            "domain_name_label": null,
            "edge_zone": "",
            "fqdn": null,
            "id": "/subscriptions/9857d4b0-edaa-4c54-83c1-bc3216b936b9/resourceGroups/aayush-keyvault/providers/Microsoft.Network/publicIPAddresses/myPublicIP",
            "idle_timeout_in_minutes": 4,
            "ip_address": "",
            "ip_tags": {},
            "ip_version": "IPv4",
            "location": "canadacentral",
            "name": "myPublicIP",
            "public_ip_prefix_id": null,
            "resource_group_name": "aayush-keyvault",
            "reverse_fqdn": null,
            "sku": "Basic",
            "sku_tier": "Regional",
            "tags": {},
            "timeouts": null,
            "zones": []
          },
          "sensitive_attributes": [],
          "private": "eyJlMmJmYjczMC1lY2FhLTExZTYtOGY4OC0zNDM2M2JjN2M0YzAiOnsiY3JlYXRlIjoxODAwMDAwMDAwMDAwLCJkZWxldGUiOjE4MDAwMDAwMDAwMDAsInJlYWQiOjMwMDAwMDAwMDAwMCwidXBkYXRlIjoxODAwMDAwMDAwMDAwfX0=",
          "dependencies": [
            "azurerm_resource_group.rg_1"
          ]
        }
      ]
    },
    {
      "mode": "managed",
      "type": "azurerm_resource_group",
      "name": "rg_1",
      "provider": "provider[\"registry.terraform.io/hashicorp/azurerm\"]",
      "instances": [
        {
          "schema_version": 0,
          "attributes": {
            "id": "/subscriptions/9857d4b0-edaa-4c54-83c1-bc3216b936b9/resourceGroups/aayush-keyvault",
            "location": "canadacentral",
            "managed_by": "",
            "name": "aayush-keyvault",
            "tags": {},
            "timeouts": null
          },
          "sensitive_attributes": [],
          "private": "eyJlMmJmYjczMC1lY2FhLTExZTYtOGY4OC0zNDM2M2JjN2M0YzAiOnsiY3JlYXRlIjo1NDAwMDAwMDAwMDAwLCJkZWxldGUiOjU0MDAwMDAwMDAwMDAsInJlYWQiOjMwMDAwMDAwMDAwMCwidXBkYXRlIjo1NDAwMDAwMDAwMDAwfX0="
        }
      ]
    },
    {
      "mode": "managed",
      "type": "azurerm_subnet",
      "name": "example-1",
      "provider": "provider[\"registry.terraform.io/hashicorp/azurerm\"]",
      "instances": [
        {
          "schema_version": 0,
          "attributes": {
            "address_prefixes": [
              "10.0.0.0/24"
            ],
            "delegation": [],
            "enforce_private_link_endpoint_network_policies": false,
            "enforce_private_link_service_network_policies": false,
            "id": "/subscriptions/9857d4b0-edaa-4c54-83c1-bc3216b936b9/resourceGroups/aayush-keyvault/providers/Microsoft.Network/virtualNetworks/my-vnet01/subnets/my-subnet02",
            "name": "my-subnet02",
            "private_endpoint_network_policies_enabled": true,
            "private_link_service_network_policies_enabled": true,
            "resource_group_name": "aayush-keyvault",
            "service_endpoint_policy_ids": [],
            "service_endpoints": [],
            "timeouts": null,
            "virtual_network_name": "my-vnet01"
          },
          "sensitive_attributes": [],
          "private": "eyJlMmJmYjczMC1lY2FhLTExZTYtOGY4OC0zNDM2M2JjN2M0YzAiOnsiY3JlYXRlIjoxODAwMDAwMDAwMDAwLCJkZWxldGUiOjE4MDAwMDAwMDAwMDAsInJlYWQiOjMwMDAwMDAwMDAwMCwidXBkYXRlIjoxODAwMDAwMDAwMDAwfX0=",
          "dependencies": [
            "azurerm_resource_group.rg_1",
            "azurerm_virtual_network.example-1"
          ]
        }
      ]
    },
    {
      "mode": "managed",
      "type": "azurerm_virtual_network",
      "name": "example-1",
      "provider": "provider[\"registry.terraform.io/hashicorp/azurerm\"]",
      "instances": [
        {
          "schema_version": 0,
          "attributes": {
            "address_space": [
              "10.0.0.0/16"
            ],
            "bgp_community": "",
            "ddos_protection_plan": [],
            "dns_servers": [],
            "edge_zone": "",
            "flow_timeout_in_minutes": 0,
            "guid": "fb5a8f02-27d1-4995-9a5c-7daf3a3133fc",
            "id": "/subscriptions/9857d4b0-edaa-4c54-83c1-bc3216b936b9/resourceGroups/aayush-keyvault/providers/Microsoft.Network/virtualNetworks/my-vnet01",
            "location": "canadacentral",
            "name": "my-vnet01",
            "resource_group_name": "aayush-keyvault",
            "subnet": [
              {
                "address_prefix": "10.0.0.0/24",
                "id": "/subscriptions/9857d4b0-edaa-4c54-83c1-bc3216b936b9/resourceGroups/aayush-keyvault/providers/Microsoft.Network/virtualNetworks/my-vnet01/subnets/my-subnet02",
                "name": "my-subnet02",
                "security_group": ""
              }
            ],
            "tags": {},
            "timeouts": null
          },
          "sensitive_attributes": [],
          "private": "eyJlMmJmYjczMC1lY2FhLTExZTYtOGY4OC0zNDM2M2JjN2M0YzAiOnsiY3JlYXRlIjoxODAwMDAwMDAwMDAwLCJkZWxldGUiOjE4MDAwMDAwMDAwMDAsInJlYWQiOjMwMDAwMDAwMDAwMCwidXBkYXRlIjoxODAwMDAwMDAwMDAwfX0=",
          "dependencies": [
            "azurerm_resource_group.rg_1"
          ]
        }
      ]
    }
  ],
  "check_results": null
}
