{
  "version": 4,
  "terraform_version": "1.4.6",
  "serial": 29,
  "lineage": "00c76b2b-829e-ffd7-5864-f685b766474d",
  "outputs": {},
  "resources": [
    {
      "mode": "managed",
      "type": "azurerm_function_app_function",
      "name": "example",
      "provider": "provider[\"registry.terraform.io/hashicorp/azurerm\"]",
      "instances": [
        {
          "schema_version": 0,
          "attributes": {
            "config_json": "{\"bindings\":[{\"authLevel\":\"function\",\"direction\":\"in\",\"methods\":[\"get\",\"post\"],\"name\":\"req\",\"type\":\"httpTrigger\"},{\"direction\":\"out\",\"name\":\"$return\",\"type\":\"http\"}]}",
            "config_url": "https://example-function-appaayush.azurewebsites.net/admin/vfs/home/site/wwwroot/example-function-app-function/function.json",
            "enabled": true,
            "file": [],
            "function_app_id": "/subscriptions/0c680750-977c-4878-8aa3-3d23caa45b53/resourceGroups/example-group/providers/Microsoft.Web/sites/example-function-appaayush",
            "id": "/subscriptions/0c680750-977c-4878-8aa3-3d23caa45b53/resourceGroups/example-group/providers/Microsoft.Web/sites/example-function-appaayush/functions/example-function-app-function",
            "invocation_url": "https://example-function-appaayush.azurewebsites.net/api/example-function-app-function",
            "language": "Python",
            "name": "example-function-app-function",
            "script_root_path_url": "https://example-function-appaayush.azurewebsites.net/admin/vfs/home/site/wwwroot/example-function-app-function/",
            "script_url": "",
            "secrets_file_url": "",
            "test_data": "{\"name\":\"Azure\"}",
            "test_data_url": "https://example-function-appaayush.azurewebsites.net/admin/vfs/home/data/Functions/sampledata/example-function-app-function.dat",
            "timeouts": null,
            "url": "https://example-function-appaayush.azurewebsites.net/admin/functions/example-function-app-function"
          },
          "sensitive_attributes": [],
          "private": "eyJlMmJmYjczMC1lY2FhLTExZTYtOGY4OC0zNDM2M2JjN2M0YzAiOnsiY3JlYXRlIjoxODAwMDAwMDAwMDAwLCJkZWxldGUiOjMwMDAwMDAwMDAwMCwicmVhZCI6MzAwMDAwMDAwMDAwLCJ1cGRhdGUiOjE4MDAwMDAwMDAwMDB9fQ==",
          "dependencies": [
            "azurerm_linux_function_app.example",
            "azurerm_resource_group.example",
            "azurerm_service_plan.example",
            "azurerm_storage_account.example"
          ]
        }
      ]
    },
    {
      "mode": "managed",
      "type": "azurerm_linux_function_app",
      "name": "example",
      "provider": "provider[\"registry.terraform.io/hashicorp/azurerm\"]",
      "instances": [
        {
          "schema_version": 0,
          "attributes": {
            "app_settings": null,
            "auth_settings": [],
            "auth_settings_v2": [],
            "backup": [],
            "builtin_logging_enabled": true,
            "client_certificate_enabled": false,
            "client_certificate_exclusion_paths": "",
            "client_certificate_mode": "Optional",
            "connection_string": [],
            "content_share_force_disabled": false,
            "custom_domain_verification_id": "748FC97BD35E503A49B14E26CCECB6E91D0932B0D63E388909AE87D18F32D202",
            "daily_memory_time_quota": 0,
            "default_hostname": "example-function-appaayush.azurewebsites.net",
            "enabled": true,
            "functions_extension_version": "~4",
            "hosting_environment_id": "",
            "https_only": false,
            "id": "/subscriptions/0c680750-977c-4878-8aa3-3d23caa45b53/resourceGroups/example-group/providers/Microsoft.Web/sites/example-function-appaayush",
            "identity": [],
            "key_vault_reference_identity_id": "SystemAssigned",
            "kind": "functionapp,linux",
            "location": "westeurope",
            "name": "example-function-appaayush",
            "outbound_ip_address_list": [
              "20.101.188.174",
              "20.101.189.236",
              "20.101.190.64",
              "20.101.190.255",
              "20.101.191.10",
              "20.101.191.37",
              "20.86.209.248",
              "20.86.210.26",
              "20.86.211.60",
              "20.86.211.198",
              "20.86.212.16",
              "20.86.212.165",
              "20.105.232.49"
            ],
            "outbound_ip_addresses": "20.101.188.174,20.101.189.236,20.101.190.64,20.101.190.255,20.101.191.10,20.101.191.37,20.86.209.248,20.86.210.26,20.86.211.60,20.86.211.198,20.86.212.16,20.86.212.165,20.105.232.49",
            "possible_outbound_ip_address_list": [
              "20.101.188.174",
              "20.101.189.236",
              "20.101.190.64",
              "20.101.190.255",
              "20.101.191.10",
              "20.101.191.37",
              "20.86.209.248",
              "20.86.210.26",
              "20.86.211.60",
              "20.86.211.198",
              "20.86.212.16",
              "20.86.212.165",
              "20.86.212.206",
              "20.86.213.153",
              "20.86.215.112",
              "20.86.215.141",
              "20.101.184.31",
              "20.101.185.92",
              "20.101.186.189",
              "20.101.187.75",
              "20.101.187.78",
              "20.101.187.82",
              "20.101.188.20",
              "20.101.188.22",
              "20.101.188.174",
              "20.101.189.236",
              "20.101.190.64",
              "20.101.190.255",
              "20.101.191.10",
              "20.101.191.37",
              "20.101.191.66",
              "20.101.191.74",
              "20.101.191.82",
              "20.101.191.118",
              "20.101.191.178",
              "20.23.48.160",
              "20.105.232.49"
            ],
            "possible_outbound_ip_addresses": "20.101.188.174,20.101.189.236,20.101.190.64,20.101.190.255,20.101.191.10,20.101.191.37,20.86.209.248,20.86.210.26,20.86.211.60,20.86.211.198,20.86.212.16,20.86.212.165,20.86.212.206,20.86.213.153,20.86.215.112,20.86.215.141,20.101.184.31,20.101.185.92,20.101.186.189,20.101.187.75,20.101.187.78,20.101.187.82,20.101.188.20,20.101.188.22,20.101.188.174,20.101.189.236,20.101.190.64,20.101.190.255,20.101.191.10,20.101.191.37,20.101.191.66,20.101.191.74,20.101.191.82,20.101.191.118,20.101.191.178,20.23.48.160,20.105.232.49",
            "public_network_access_enabled": true,
            "resource_group_name": "example-group",
            "service_plan_id": "/subscriptions/0c680750-977c-4878-8aa3-3d23caa45b53/resourceGroups/example-group/providers/Microsoft.Web/serverfarms/example-service-plan",
            "site_config": [
              {
                "always_on": false,
                "api_definition_url": "",
                "api_management_api_id": "",
                "app_command_line": "",
                "app_scale_limit": 0,
                "app_service_logs": [],
                "application_insights_connection_string": "",
                "application_insights_key": "",
                "application_stack": [
                  {
                    "docker": [],
                    "dotnet_version": "",
                    "java_version": "",
                    "node_version": "",
                    "powershell_core_version": "",
                    "python_version": "3.9",
                    "use_custom_runtime": false,
                    "use_dotnet_isolated_runtime": false
                  }
                ],
                "container_registry_managed_identity_client_id": "",
                "container_registry_use_managed_identity": false,
                "cors": [],
                "default_documents": [
                  "Default.htm",
                  "Default.html",
                  "Default.asp",
                  "index.htm",
                  "index.html",
                  "iisstart.htm",
                  "default.aspx",
                  "index.php"
                ],
                "detailed_error_logging_enabled": false,
                "elastic_instance_minimum": 0,
                "ftps_state": "Disabled",
                "health_check_eviction_time_in_min": 0,
                "health_check_path": "",
                "http2_enabled": false,
                "ip_restriction": [],
                "linux_fx_version": "PYTHON|3.9",
                "load_balancing_mode": "LeastRequests",
                "managed_pipeline_mode": "Integrated",
                "minimum_tls_version": "1.2",
                "pre_warmed_instance_count": 0,
                "remote_debugging_enabled": false,
                "remote_debugging_version": "",
                "runtime_scale_monitoring_enabled": false,
                "scm_ip_restriction": [],
                "scm_minimum_tls_version": "1.2",
                "scm_type": "None",
                "scm_use_main_ip_restriction": false,
                "use_32_bit_worker": false,
                "vnet_route_all_enabled": false,
                "websockets_enabled": false,
                "worker_count": 1
              }
            ],
            "site_credential": [
              {
                "name": "$example-function-appaayush",
                "password": "Bvr7re6GQhkcNCDXswAFTHGYRglgmzvegxypZ6ihzuSov6ev6gEmSAKqpbzg"
              }
            ],
            "sticky_settings": [],
            "storage_account": [],
            "storage_account_access_key": "sEQVWi7vOQ1k3jtaW4gYBzjAWDM3xwzm2ylm9vf64POhfzuFXTpcJNqye9yNHqzO96U3j+6GX0bA+AStaU/iQQ==",
            "storage_account_name": "examplesaayush",
            "storage_key_vault_secret_id": "",
            "storage_uses_managed_identity": false,
            "tags": null,
            "timeouts": null,
            "virtual_network_subnet_id": "",
            "zip_deploy_file": ""
          },
          "sensitive_attributes": [
            [
              {
                "type": "get_attr",
                "value": "storage_account_access_key"
              }
            ]
          ],
          "private": "eyJlMmJmYjczMC1lY2FhLTExZTYtOGY4OC0zNDM2M2JjN2M0YzAiOnsiY3JlYXRlIjoxODAwMDAwMDAwMDAwLCJkZWxldGUiOjE4MDAwMDAwMDAwMDAsInJlYWQiOjMwMDAwMDAwMDAwMCwidXBkYXRlIjoxODAwMDAwMDAwMDAwfX0=",
          "dependencies": [
            "azurerm_resource_group.example",
            "azurerm_service_plan.example",
            "azurerm_storage_account.example"
          ]
        }
      ]
    },
    {
      "mode": "managed",
      "type": "azurerm_resource_group",
      "name": "example",
      "provider": "provider[\"registry.terraform.io/hashicorp/azurerm\"]",
      "instances": [
        {
          "schema_version": 0,
          "attributes": {
            "id": "/subscriptions/0c680750-977c-4878-8aa3-3d23caa45b53/resourceGroups/example-group",
            "location": "westeurope",
            "managed_by": "",
            "name": "example-group",
            "tags": {},
            "timeouts": null
          },
          "sensitive_attributes": [],
          "private": "eyJlMmJmYjczMC1lY2FhLTExZTYtOGY4OC0zNDM2M2JjN2M0YzAiOnsiY3JlYXRlIjo1NDAwMDAwMDAwMDAwLCJkZWxldGUiOjU0MDAwMDAwMDAwMDAsInJlYWQiOjMwMDAwMDAwMDAwMCwidXBkYXRlIjo1NDAwMDAwMDAwMDAwfX0="
        }
      ]
    },
    {
      "mode": "managed",
      "type": "azurerm_service_plan",
      "name": "example",
      "provider": "provider[\"registry.terraform.io/hashicorp/azurerm\"]",
      "instances": [
        {
          "schema_version": 0,
          "attributes": {
            "app_service_environment_id": "",
            "id": "/subscriptions/0c680750-977c-4878-8aa3-3d23caa45b53/resourceGroups/example-group/providers/Microsoft.Web/serverfarms/example-service-plan",
            "kind": "linux",
            "location": "westeurope",
            "maximum_elastic_worker_count": 1,
            "name": "example-service-plan",
            "os_type": "Linux",
            "per_site_scaling_enabled": false,
            "reserved": true,
            "resource_group_name": "example-group",
            "sku_name": "S1",
            "tags": {},
            "timeouts": null,
            "worker_count": 1,
            "zone_balancing_enabled": false
          },
          "sensitive_attributes": [],
          "private": "eyJlMmJmYjczMC1lY2FhLTExZTYtOGY4OC0zNDM2M2JjN2M0YzAiOnsiY3JlYXRlIjozNjAwMDAwMDAwMDAwLCJkZWxldGUiOjM2MDAwMDAwMDAwMDAsInJlYWQiOjMwMDAwMDAwMDAwMCwidXBkYXRlIjozNjAwMDAwMDAwMDAwfX0=",
          "dependencies": [
            "azurerm_resource_group.example"
          ]
        }
      ]
    },
    {
      "mode": "managed",
      "type": "azurerm_storage_account",
      "name": "example",
      "provider": "provider[\"registry.terraform.io/hashicorp/azurerm\"]",
      "instances": [
        {
          "schema_version": 4,
          "attributes": {
            "access_tier": "Hot",
            "account_kind": "StorageV2",
            "account_replication_type": "LRS",
            "account_tier": "Standard",
            "allow_nested_items_to_be_public": true,
            "allowed_copy_scope": "",
            "azure_files_authentication": [],
            "blob_properties": [
              {
                "change_feed_enabled": false,
                "change_feed_retention_in_days": 0,
                "container_delete_retention_policy": [],
                "cors_rule": [],
                "default_service_version": "",
                "delete_retention_policy": [],
                "last_access_time_enabled": false,
                "restore_policy": [],
                "versioning_enabled": false
              }
            ],
            "cross_tenant_replication_enabled": true,
            "custom_domain": [],
            "customer_managed_key": [],
            "default_to_oauth_authentication": false,
            "edge_zone": "",
            "enable_https_traffic_only": true,
            "id": "/subscriptions/0c680750-977c-4878-8aa3-3d23caa45b53/resourceGroups/example-group/providers/Microsoft.Storage/storageAccounts/examplesaayush",
            "identity": [],
            "immutability_policy": [],
            "infrastructure_encryption_enabled": false,
            "is_hns_enabled": false,
            "large_file_share_enabled": null,
            "location": "westeurope",
            "min_tls_version": "TLS1_2",
            "name": "examplesaayush",
            "network_rules": [
              {
                "bypass": [
                  "AzureServices"
                ],
                "default_action": "Allow",
                "ip_rules": [],
                "private_link_access": [],
                "virtual_network_subnet_ids": []
              }
            ],
            "nfsv3_enabled": false,
            "primary_access_key": "sEQVWi7vOQ1k3jtaW4gYBzjAWDM3xwzm2ylm9vf64POhfzuFXTpcJNqye9yNHqzO96U3j+6GX0bA+AStaU/iQQ==",
            "primary_blob_connection_string": "DefaultEndpointsProtocol=https;BlobEndpoint=https://examplesaayush.blob.core.windows.net/;AccountName=examplesaayush;AccountKey=sEQVWi7vOQ1k3jtaW4gYBzjAWDM3xwzm2ylm9vf64POhfzuFXTpcJNqye9yNHqzO96U3j+6GX0bA+AStaU/iQQ==",
            "primary_blob_endpoint": "https://examplesaayush.blob.core.windows.net/",
            "primary_blob_host": "examplesaayush.blob.core.windows.net",
            "primary_connection_string": "DefaultEndpointsProtocol=https;AccountName=examplesaayush;AccountKey=sEQVWi7vOQ1k3jtaW4gYBzjAWDM3xwzm2ylm9vf64POhfzuFXTpcJNqye9yNHqzO96U3j+6GX0bA+AStaU/iQQ==;EndpointSuffix=core.windows.net",
            "primary_dfs_endpoint": "https://examplesaayush.dfs.core.windows.net/",
            "primary_dfs_host": "examplesaayush.dfs.core.windows.net",
            "primary_file_endpoint": "https://examplesaayush.file.core.windows.net/",
            "primary_file_host": "examplesaayush.file.core.windows.net",
            "primary_location": "westeurope",
            "primary_queue_endpoint": "https://examplesaayush.queue.core.windows.net/",
            "primary_queue_host": "examplesaayush.queue.core.windows.net",
            "primary_table_endpoint": "https://examplesaayush.table.core.windows.net/",
            "primary_table_host": "examplesaayush.table.core.windows.net",
            "primary_web_endpoint": "https://examplesaayush.z6.web.core.windows.net/",
            "primary_web_host": "examplesaayush.z6.web.core.windows.net",
            "public_network_access_enabled": true,
            "queue_encryption_key_type": "Service",
            "queue_properties": [
              {
                "cors_rule": [],
                "hour_metrics": [
                  {
                    "enabled": true,
                    "include_apis": true,
                    "retention_policy_days": 7,
                    "version": "1.0"
                  }
                ],
                "logging": [
                  {
                    "delete": false,
                    "read": false,
                    "retention_policy_days": 0,
                    "version": "1.0",
                    "write": false
                  }
                ],
                "minute_metrics": [
                  {
                    "enabled": false,
                    "include_apis": false,
                    "retention_policy_days": 0,
                    "version": "1.0"
                  }
                ]
              }
            ],
            "resource_group_name": "example-group",
            "routing": [],
            "sas_policy": [],
            "secondary_access_key": "/pessG6ozlYiboK+McwHF5Efk3gGJXGqmUc7OB1K+xW1moam7trssWClb+yd7r1kj7rtxD1sGUNP+AStxZQKPg==",
            "secondary_blob_connection_string": "",
            "secondary_blob_endpoint": null,
            "secondary_blob_host": null,
            "secondary_connection_string": "DefaultEndpointsProtocol=https;AccountName=examplesaayush;AccountKey=/pessG6ozlYiboK+McwHF5Efk3gGJXGqmUc7OB1K+xW1moam7trssWClb+yd7r1kj7rtxD1sGUNP+AStxZQKPg==;EndpointSuffix=core.windows.net",
            "secondary_dfs_endpoint": null,
            "secondary_dfs_host": null,
            "secondary_file_endpoint": null,
            "secondary_file_host": null,
            "secondary_location": "",
            "secondary_queue_endpoint": null,
            "secondary_queue_host": null,
            "secondary_table_endpoint": null,
            "secondary_table_host": null,
            "secondary_web_endpoint": null,
            "secondary_web_host": null,
            "sftp_enabled": false,
            "share_properties": [
              {
                "cors_rule": [],
                "retention_policy": [
                  {
                    "days": 7
                  }
                ],
                "smb": []
              }
            ],
            "shared_access_key_enabled": true,
            "static_website": [],
            "table_encryption_key_type": "Service",
            "tags": {},
            "timeouts": null
          },
          "sensitive_attributes": [],
          "private": "eyJlMmJmYjczMC1lY2FhLTExZTYtOGY4OC0zNDM2M2JjN2M0YzAiOnsiY3JlYXRlIjozNjAwMDAwMDAwMDAwLCJkZWxldGUiOjM2MDAwMDAwMDAwMDAsInJlYWQiOjMwMDAwMDAwMDAwMCwidXBkYXRlIjozNjAwMDAwMDAwMDAwfSwic2NoZW1hX3ZlcnNpb24iOiI0In0=",
          "dependencies": [
            "azurerm_resource_group.example"
          ]
        }
      ]
    }
  ],
  "check_results": null
}
