{
  "version": 4,
  "terraform_version": "1.4.6",
  "serial": 43,
  "lineage": "d277c814-e8ce-d847-9154-ba38c4f4f67e",
  "outputs": {},
  "resources": [
    {
      "mode": "data",
      "type": "azurerm_resource_group",
      "name": "name",
      "provider": "provider[\"registry.terraform.io/hashicorp/azurerm\"]",
      "instances": [
        {
          "schema_version": 0,
          "attributes": {
            "id": "/subscriptions/6f15b45c-ff67-4d1b-af0d-933937036b72/resourceGroups/blogrg01",
            "location": "eastus",
            "name": "blogrg01",
            "tags": {},
            "timeouts": null
          },
          "sensitive_attributes": []
        }
      ]
    },
    {
      "mode": "managed",
      "type": "azurerm_storage_account",
      "name": "storage",
      "provider": "provider[\"registry.terraform.io/hashicorp/azurerm\"]",
      "instances": [
        {
          "schema_version": 2,
          "attributes": {
            "access_tier": "Hot",
            "account_kind": "StorageV2",
            "account_replication_type": "LRS",
            "account_tier": "Premium",
            "allow_blob_public_access": false,
            "azure_files_authentication": [],
            "blob_properties": [
              {
                "change_feed_enabled": false,
                "container_delete_retention_policy": [],
                "cors_rule": [],
                "default_service_version": "",
                "delete_retention_policy": [],
                "last_access_time_enabled": false,
                "versioning_enabled": false
              }
            ],
            "custom_domain": [],
            "customer_managed_key": [],
            "enable_https_traffic_only": true,
            "id": "/subscriptions/6f15b45c-ff67-4d1b-af0d-933937036b72/resourceGroups/blogrg01/providers/Microsoft.Storage/storageAccounts/strfileshare03terraform",
            "identity": [],
            "infrastructure_encryption_enabled": false,
            "is_hns_enabled": false,
            "large_file_share_enabled": null,
            "location": "eastus",
            "min_tls_version": "TLS1_0",
            "name": "strfileshare03terraform",
            "network_rules": [
              {
                "bypass": [
                  "AzureServices"
                ],
                "default_action": "Allow",
                "ip_rules": [],
                "private_link_access": [],
                "virtual_network_subnet_ids": []
              }
            ],
            "nfsv3_enabled": false,
            "primary_access_key": "RiyabXx5WeftPt6y/53SSTWsdnRod1kLuSSesAzghIQ7a+YpwXPwRB0+SBZdnZBPSgIFlLTxTbXb+AStSDymLA==",
            "primary_blob_connection_string": "DefaultEndpointsProtocol=https;BlobEndpoint=https://strfileshare03terraform.blob.core.windows.net/;AccountName=strfileshare03terraform;AccountKey=RiyabXx5WeftPt6y/53SSTWsdnRod1kLuSSesAzghIQ7a+YpwXPwRB0+SBZdnZBPSgIFlLTxTbXb+AStSDymLA==",
            "primary_blob_endpoint": "https://strfileshare03terraform.blob.core.windows.net/",
            "primary_blob_host": "strfileshare03terraform.blob.core.windows.net",
            "primary_connection_string": "DefaultEndpointsProtocol=https;AccountName=strfileshare03terraform;AccountKey=RiyabXx5WeftPt6y/53SSTWsdnRod1kLuSSesAzghIQ7a+YpwXPwRB0+SBZdnZBPSgIFlLTxTbXb+AStSDymLA==;EndpointSuffix=core.windows.net",
            "primary_dfs_endpoint": "",
            "primary_dfs_host": "",
            "primary_file_endpoint": "",
            "primary_file_host": "",
            "primary_location": "eastus",
            "primary_queue_endpoint": "",
            "primary_queue_host": "",
            "primary_table_endpoint": "",
            "primary_table_host": "",
            "primary_web_endpoint": "https://strfileshare03terraform.z13.web.core.windows.net/",
            "primary_web_host": "strfileshare03terraform.z13.web.core.windows.net",
            "queue_encryption_key_type": "Service",
            "queue_properties": [],
            "resource_group_name": "blogrg01",
            "routing": [],
            "secondary_access_key": "mTotVQdZ90XKHU1auBtY3J9beBAmZbvD5q0fQ0GyORTTLEvGFsYsRi9imDYUYam2RfoZBYiq1cXH+ASt/EJxrg==",
            "secondary_blob_connection_string": "",
            "secondary_blob_endpoint": null,
            "secondary_blob_host": null,
            "secondary_connection_string": "DefaultEndpointsProtocol=https;AccountName=strfileshare03terraform;AccountKey=mTotVQdZ90XKHU1auBtY3J9beBAmZbvD5q0fQ0GyORTTLEvGFsYsRi9imDYUYam2RfoZBYiq1cXH+ASt/EJxrg==;EndpointSuffix=core.windows.net",
            "secondary_dfs_endpoint": null,
            "secondary_dfs_host": null,
            "secondary_file_endpoint": null,
            "secondary_file_host": null,
            "secondary_location": "",
            "secondary_queue_endpoint": null,
            "secondary_queue_host": null,
            "secondary_table_endpoint": null,
            "secondary_table_host": null,
            "secondary_web_endpoint": null,
            "secondary_web_host": null,
            "share_properties": [],
            "shared_access_key_enabled": true,
            "static_website": [],
            "table_encryption_key_type": "Service",
            "tags": {},
            "timeouts": null
          },
          "sensitive_attributes": [],
          "private": "eyJlMmJmYjczMC1lY2FhLTExZTYtOGY4OC0zNDM2M2JjN2M0YzAiOnsiY3JlYXRlIjozNjAwMDAwMDAwMDAwLCJkZWxldGUiOjM2MDAwMDAwMDAwMDAsInJlYWQiOjMwMDAwMDAwMDAwMCwidXBkYXRlIjozNjAwMDAwMDAwMDAwfSwic2NoZW1hX3ZlcnNpb24iOiIyIn0=",
          "dependencies": [
            "data.azurerm_resource_group.name"
          ]
        }
      ]
    },
    {
      "mode": "managed",
      "type": "azurerm_storage_share_file",
      "name": "example",
      "provider": "provider[\"registry.terraform.io/hashicorp/azurerm\"]",
      "instances": []
    }
  ],
  "check_results": null
}
