{
  "version": 4,
  "terraform_version": "1.4.6",
  "serial": 25,
  "lineage": "e34bc158-5d76-7092-f825-f360fbbf2ca6",
  "outputs": {},
  "resources": [
    {
      "mode": "managed",
      "type": "azurerm_resource_group",
      "name": "test",
      "provider": "provider[\"registry.terraform.io/hashicorp/azurerm\"]",
      "instances": [
        {
          "schema_version": 0,
          "attributes": {
            "id": "/subscriptions/0c680750-977c-4878-8aa3-3d23caa45b53/resourceGroups/acctestRG-share-test02",
            "location": "eastus2",
            "name": "acctestRG-share-test02",
            "tags": {},
            "timeouts": null
          },
          "sensitive_attributes": [],
          "private": "eyJlMmJmYjczMC1lY2FhLTExZTYtOGY4OC0zNDM2M2JjN2M0YzAiOnsiY3JlYXRlIjo1NDAwMDAwMDAwMDAwLCJkZWxldGUiOjU0MDAwMDAwMDAwMDAsInJlYWQiOjMwMDAwMDAwMDAwMCwidXBkYXRlIjo1NDAwMDAwMDAwMDAwfX0="
        }
      ]
    },
    {
      "mode": "managed",
      "type": "azurerm_storage_account",
      "name": "test",
      "provider": "provider[\"registry.terraform.io/hashicorp/azurerm\"]",
      "instances": [
        {
          "schema_version": 3,
          "attributes": {
            "access_tier": "Hot",
            "account_kind": "StorageV2",
            "account_replication_type": "LRS",
            "account_tier": "Standard",
            "allow_nested_items_to_be_public": true,
            "allowed_copy_scope": "",
            "azure_files_authentication": [],
            "blob_properties": [
              {
                "change_feed_enabled": false,
                "change_feed_retention_in_days": 0,
                "container_delete_retention_policy": [],
                "cors_rule": [],
                "default_service_version": "",
                "delete_retention_policy": [],
                "last_access_time_enabled": false,
                "restore_policy": [],
                "versioning_enabled": false
              }
            ],
            "cross_tenant_replication_enabled": true,
            "custom_domain": [],
            "customer_managed_key": [],
            "default_to_oauth_authentication": false,
            "edge_zone": "",
            "enable_https_traffic_only": true,
            "id": "/subscriptions/0c680750-977c-4878-8aa3-3d23caa45b53/resourceGroups/acctestRG-share-test02/providers/Microsoft.Storage/storageAccounts/acctestsa0123422",
            "identity": [],
            "immutability_policy": [],
            "infrastructure_encryption_enabled": false,
            "is_hns_enabled": false,
            "large_file_share_enabled": null,
            "location": "eastus2",
            "min_tls_version": "TLS1_2",
            "name": "acctestsa0123422",
            "network_rules": [
              {
                "bypass": [
                  "AzureServices"
                ],
                "default_action": "Allow",
                "ip_rules": [],
                "private_link_access": [],
                "virtual_network_subnet_ids": []
              }
            ],
            "nfsv3_enabled": false,
            "primary_access_key": "vP1CraLuxnWpUWQYROAPqGjZC7MP411NnzjTZuRvvqOlJEsrw6gglTfihRLRHKcbrod0JseymL1f+AStYK4goQ==",
            "primary_blob_connection_string": "DefaultEndpointsProtocol=https;BlobEndpoint=https://acctestsa0123422.blob.core.windows.net/;AccountName=acctestsa0123422;AccountKey=vP1CraLuxnWpUWQYROAPqGjZC7MP411NnzjTZuRvvqOlJEsrw6gglTfihRLRHKcbrod0JseymL1f+AStYK4goQ==",
            "primary_blob_endpoint": "https://acctestsa0123422.blob.core.windows.net/",
            "primary_blob_host": "acctestsa0123422.blob.core.windows.net",
            "primary_connection_string": "DefaultEndpointsProtocol=https;AccountName=acctestsa0123422;AccountKey=vP1CraLuxnWpUWQYROAPqGjZC7MP411NnzjTZuRvvqOlJEsrw6gglTfihRLRHKcbrod0JseymL1f+AStYK4goQ==;EndpointSuffix=core.windows.net",
            "primary_dfs_endpoint": "https://acctestsa0123422.dfs.core.windows.net/",
            "primary_dfs_host": "acctestsa0123422.dfs.core.windows.net",
            "primary_file_endpoint": "https://acctestsa0123422.file.core.windows.net/",
            "primary_file_host": "acctestsa0123422.file.core.windows.net",
            "primary_location": "eastus2",
            "primary_queue_endpoint": "https://acctestsa0123422.queue.core.windows.net/",
            "primary_queue_host": "acctestsa0123422.queue.core.windows.net",
            "primary_table_endpoint": "https://acctestsa0123422.table.core.windows.net/",
            "primary_table_host": "acctestsa0123422.table.core.windows.net",
            "primary_web_endpoint": "https://acctestsa0123422.z20.web.core.windows.net/",
            "primary_web_host": "acctestsa0123422.z20.web.core.windows.net",
            "public_network_access_enabled": true,
            "queue_encryption_key_type": "Service",
            "queue_properties": [
              {
                "cors_rule": [],
                "hour_metrics": [
                  {
                    "enabled": true,
                    "include_apis": true,
                    "retention_policy_days": 7,
                    "version": "1.0"
                  }
                ],
                "logging": [
                  {
                    "delete": false,
                    "read": false,
                    "retention_policy_days": 0,
                    "version": "1.0",
                    "write": false
                  }
                ],
                "minute_metrics": [
                  {
                    "enabled": false,
                    "include_apis": false,
                    "retention_policy_days": 0,
                    "version": "1.0"
                  }
                ]
              }
            ],
            "resource_group_name": "acctestRG-share-test02",
            "routing": [],
            "sas_policy": [],
            "secondary_access_key": "RRhtPIfePHpSRZV/FU/uOv88nfO71vP2KP8neXIdwJepWTmE4AEpDpyCeKnMtk+MClQo2JEPHYYe+AStzMPj/A==",
            "secondary_blob_connection_string": "",
            "secondary_blob_endpoint": null,
            "secondary_blob_host": null,
            "secondary_connection_string": "DefaultEndpointsProtocol=https;AccountName=acctestsa0123422;AccountKey=RRhtPIfePHpSRZV/FU/uOv88nfO71vP2KP8neXIdwJepWTmE4AEpDpyCeKnMtk+MClQo2JEPHYYe+AStzMPj/A==;EndpointSuffix=core.windows.net",
            "secondary_dfs_endpoint": null,
            "secondary_dfs_host": null,
            "secondary_file_endpoint": null,
            "secondary_file_host": null,
            "secondary_location": "",
            "secondary_queue_endpoint": null,
            "secondary_queue_host": null,
            "secondary_table_endpoint": null,
            "secondary_table_host": null,
            "secondary_web_endpoint": null,
            "secondary_web_host": null,
            "sftp_enabled": false,
            "share_properties": [
              {
                "cors_rule": [],
                "retention_policy": [
                  {
                    "days": 7
                  }
                ],
                "smb": []
              }
            ],
            "shared_access_key_enabled": true,
            "static_website": [],
            "table_encryption_key_type": "Service",
            "tags": {},
            "timeouts": null
          },
          "sensitive_attributes": [],
          "private": "eyJlMmJmYjczMC1lY2FhLTExZTYtOGY4OC0zNDM2M2JjN2M0YzAiOnsiY3JlYXRlIjozNjAwMDAwMDAwMDAwLCJkZWxldGUiOjM2MDAwMDAwMDAwMDAsInJlYWQiOjMwMDAwMDAwMDAwMCwidXBkYXRlIjozNjAwMDAwMDAwMDAwfSwic2NoZW1hX3ZlcnNpb24iOiIzIn0=",
          "dependencies": [
            "azurerm_resource_group.test"
          ]
        }
      ]
    },
    {
      "mode": "managed",
      "type": "azurerm_storage_share",
      "name": "test",
      "provider": "provider[\"registry.terraform.io/hashicorp/azurerm\"]",
      "instances": [
        {
          "schema_version": 2,
          "attributes": {
            "access_tier": "TransactionOptimized",
            "acl": [],
            "enabled_protocol": "SMB",
            "id": "https://acctestsa0123422.file.core.windows.net/fileshare1",
            "metadata": {},
            "name": "fileshare1",
            "quota": 50,
            "resource_manager_id": "/subscriptions/0c680750-977c-4878-8aa3-3d23caa45b53/resourceGroups/acctestRG-share-test02/providers/Microsoft.Storage/storageAccounts/acctestsa0123422/fileServices/default/shares/fileshare1",
            "storage_account_name": "acctestsa0123422",
            "timeouts": null,
            "url": "https://acctestsa0123422.file.core.windows.net/fileshare1"
          },
          "sensitive_attributes": [],
          "private": "eyJlMmJmYjczMC1lY2FhLTExZTYtOGY4OC0zNDM2M2JjN2M0YzAiOnsiY3JlYXRlIjoxODAwMDAwMDAwMDAwLCJkZWxldGUiOjE4MDAwMDAwMDAwMDAsInJlYWQiOjMwMDAwMDAwMDAwMCwidXBkYXRlIjoxODAwMDAwMDAwMDAwfSwic2NoZW1hX3ZlcnNpb24iOiIyIn0=",
          "dependencies": [
            "azurerm_resource_group.test",
            "azurerm_storage_account.test"
          ]
        }
      ]
    },
    {
      "mode": "managed",
      "type": "azurerm_storage_share_directory",
      "name": "child",
      "provider": "provider[\"registry.terraform.io/hashicorp/azurerm\"]",
      "instances": [
        {
          "schema_version": 0,
          "attributes": {
            "id": "https://acctestsa0123422.file.core.windows.net/fileshare1/parent/child",
            "metadata": {},
            "name": "parent/child",
            "share_name": "fileshare1",
            "storage_account_name": "acctestsa0123422",
            "timeouts": null
          },
          "sensitive_attributes": [],
          "private": "eyJlMmJmYjczMC1lY2FhLTExZTYtOGY4OC0zNDM2M2JjN2M0YzAiOnsiY3JlYXRlIjoxODAwMDAwMDAwMDAwLCJkZWxldGUiOjE4MDAwMDAwMDAwMDAsInJlYWQiOjMwMDAwMDAwMDAwMCwidXBkYXRlIjoxODAwMDAwMDAwMDAwfX0=",
          "dependencies": [
            "azurerm_resource_group.test",
            "azurerm_storage_account.test",
            "azurerm_storage_share.test",
            "azurerm_storage_share_directory.parent"
          ]
        }
      ]
    },
    {
      "mode": "managed",
      "type": "azurerm_storage_share_directory",
      "name": "parent",
      "provider": "provider[\"registry.terraform.io/hashicorp/azurerm\"]",
      "instances": [
        {
          "schema_version": 0,
          "attributes": {
            "id": "https://acctestsa0123422.file.core.windows.net/fileshare1/parent",
            "metadata": {},
            "name": "parent",
            "share_name": "fileshare1",
            "storage_account_name": "acctestsa0123422",
            "timeouts": null
          },
          "sensitive_attributes": [],
          "private": "eyJlMmJmYjczMC1lY2FhLTExZTYtOGY4OC0zNDM2M2JjN2M0YzAiOnsiY3JlYXRlIjoxODAwMDAwMDAwMDAwLCJkZWxldGUiOjE4MDAwMDAwMDAwMDAsInJlYWQiOjMwMDAwMDAwMDAwMCwidXBkYXRlIjoxODAwMDAwMDAwMDAwfX0=",
          "dependencies": [
            "azurerm_resource_group.test",
            "azurerm_storage_account.test",
            "azurerm_storage_share.test"
          ]
        }
      ]
    },
    {
      "mode": "managed",
      "type": "azurerm_storage_share_file",
      "name": "example",
      "provider": "provider[\"registry.terraform.io/hashicorp/azurerm\"]",
      "instances": [
        {
          "schema_version": 0,
          "attributes": {
            "content_disposition": "",
            "content_encoding": "",
            "content_length": 11,
            "content_md5": "",
            "content_type": "application/octet-stream",
            "id": "https://acctestsa0123422.file.core.windows.net/fileshare1/parent/child/script",
            "metadata": {},
            "name": "script",
            "path": "parent/child",
            "source": "/home/knoldus/change.txt",
            "storage_share_id": "https://acctestsa0123422.file.core.windows.net/fileshare1",
            "timeouts": null
          },
          "sensitive_attributes": [],
          "private": "eyJlMmJmYjczMC1lY2FhLTExZTYtOGY4OC0zNDM2M2JjN2M0YzAiOnsiY3JlYXRlIjoxODAwMDAwMDAwMDAwLCJkZWxldGUiOjE4MDAwMDAwMDAwMDAsInJlYWQiOjMwMDAwMDAwMDAwMCwidXBkYXRlIjoxODAwMDAwMDAwMDAwfX0=",
          "dependencies": [
            "azurerm_resource_group.test",
            "azurerm_storage_account.test",
            "azurerm_storage_share.test",
            "azurerm_storage_share_directory.child",
            "azurerm_storage_share_directory.parent"
          ]
        }
      ]
    }
  ],
  "check_results": null
}
