{
  "version": 4,
  "terraform_version": "1.4.6",
  "serial": 190,
  "lineage": "47f62817-d9cf-48cf-8e2c-40ca28a457d6",
  "outputs": {},
  "resources": [
    {
      "mode": "managed",
      "type": "azurerm_log_analytics_solution",
      "name": "example",
      "provider": "provider[\"registry.terraform.io/hashicorp/azurerm\"]",
      "instances": [
        {
          "schema_version": 1,
          "attributes": {
            "id": "/subscriptions/0c680750-977c-4878-8aa3-3d23caa45b53/resourceGroups/aayush-rg/providers/Microsoft.OperationsManagement/solutions/ContainerInsights(logAnalytics)",
            "location": "eastus",
            "plan": [
              {
                "name": "ContainerInsights(loganalytics)",
                "product": "OMSGallery/ContainerInsights",
                "promotion_code": "",
                "publisher": "Microsoft"
              }
            ],
            "resource_group_name": "aayush-rg",
            "solution_name": "ContainerInsights",
            "tags": null,
            "timeouts": null,
            "workspace_name": "logAnalytics",
            "workspace_resource_id": "/subscriptions/0c680750-977c-4878-8aa3-3d23caa45b53/resourceGroups/aayush-rg/providers/Microsoft.OperationalInsights/workspaces/logAnalytics"
          },
          "sensitive_attributes": [],
          "private": "eyJlMmJmYjczMC1lY2FhLTExZTYtOGY4OC0zNDM2M2JjN2M0YzAiOnsiY3JlYXRlIjoxODAwMDAwMDAwMDAwLCJkZWxldGUiOjE4MDAwMDAwMDAwMDAsInJlYWQiOjMwMDAwMDAwMDAwMCwidXBkYXRlIjoxODAwMDAwMDAwMDAwfSwic2NoZW1hX3ZlcnNpb24iOiIxIn0=",
          "dependencies": [
            "azurerm_log_analytics_workspace.law02",
            "module.rg.azurerm_resource_group.example"
          ]
        }
      ]
    },
    {
      "mode": "managed",
      "type": "azurerm_log_analytics_workspace",
      "name": "law02",
      "provider": "provider[\"registry.terraform.io/hashicorp/azurerm\"]",
      "instances": [
        {
          "schema_version": 3,
          "attributes": {
            "allow_resource_only_permissions": true,
            "cmk_for_query_forced": false,
            "daily_quota_gb": -1,
            "id": "/subscriptions/0c680750-977c-4878-8aa3-3d23caa45b53/resourceGroups/aayush-rg/providers/Microsoft.OperationalInsights/workspaces/logAnalytics",
            "internet_ingestion_enabled": true,
            "internet_query_enabled": true,
            "local_authentication_disabled": false,
            "location": "eastus",
            "name": "logAnalytics",
            "primary_shared_key": "rpVFUYkybLYMeFm2dntJ3txkHOJvAyEurl5It+K0/YliWnjt7SMl6XAbSEjP3dTLuT8/UWAXGgEuHGeEzhT5VQ==",
            "reservation_capacity_in_gb_per_day": null,
            "resource_group_name": "aayush-rg",
            "retention_in_days": 30,
            "secondary_shared_key": "9OKEyeYTRCE//q3YLUiezoUSA+frtH6CohR3pksQecYtRencLVtP9ZZFURt+siNwMgzH5JRSr3WsbHUt4BYFug==",
            "sku": "PerGB2018",
            "tags": null,
            "timeouts": null,
            "workspace_id": "38c08704-b07f-47f3-8756-85986747118a"
          },
          "sensitive_attributes": [],
          "private": "eyJlMmJmYjczMC1lY2FhLTExZTYtOGY4OC0zNDM2M2JjN2M0YzAiOnsiY3JlYXRlIjoxODAwMDAwMDAwMDAwLCJkZWxldGUiOjE4MDAwMDAwMDAwMDAsInJlYWQiOjMwMDAwMDAwMDAwMCwidXBkYXRlIjoxODAwMDAwMDAwMDAwfSwic2NoZW1hX3ZlcnNpb24iOiIzIn0=",
          "dependencies": [
            "module.rg.azurerm_resource_group.example"
          ]
        }
      ]
    },
    {
      "mode": "managed",
      "type": "azurerm_storage_account",
      "name": "main",
      "provider": "provider[\"registry.terraform.io/hashicorp/azurerm\"]",
      "instances": [
        {
          "schema_version": 4,
          "attributes": {
            "access_tier": "Hot",
            "account_kind": "StorageV2",
            "account_replication_type": "GRS",
            "account_tier": "Standard",
            "allow_nested_items_to_be_public": true,
            "allowed_copy_scope": "",
            "azure_files_authentication": [],
            "blob_properties": [
              {
                "change_feed_enabled": false,
                "change_feed_retention_in_days": 0,
                "container_delete_retention_policy": [],
                "cors_rule": [],
                "default_service_version": "",
                "delete_retention_policy": [],
                "last_access_time_enabled": false,
                "restore_policy": [],
                "versioning_enabled": false
              }
            ],
            "cross_tenant_replication_enabled": true,
            "custom_domain": [],
            "customer_managed_key": [],
            "default_to_oauth_authentication": false,
            "edge_zone": "",
            "enable_https_traffic_only": true,
            "id": "/subscriptions/0c680750-977c-4878-8aa3-3d23caa45b53/resourceGroups/aayush-rg/providers/Microsoft.Storage/storageAccounts/vmstorageraccount",
            "identity": [],
            "immutability_policy": [],
            "infrastructure_encryption_enabled": false,
            "is_hns_enabled": false,
            "large_file_share_enabled": null,
            "location": "eastus",
            "min_tls_version": "TLS1_2",
            "name": "vmstorageraccount",
            "network_rules": [
              {
                "bypass": [
                  "AzureServices"
                ],
                "default_action": "Allow",
                "ip_rules": [],
                "private_link_access": [],
                "virtual_network_subnet_ids": []
              }
            ],
            "nfsv3_enabled": false,
            "primary_access_key": "b6xSb+w4OrylGDxgVOu6XneYeE92Am0P5fMbTXlcEQD5DVoPFnsLOe9P1NgCmklWO8Qxw564Zwdd+AStzfwJgQ==",
            "primary_blob_connection_string": "DefaultEndpointsProtocol=https;BlobEndpoint=https://vmstorageraccount.blob.core.windows.net/;AccountName=vmstorageraccount;AccountKey=b6xSb+w4OrylGDxgVOu6XneYeE92Am0P5fMbTXlcEQD5DVoPFnsLOe9P1NgCmklWO8Qxw564Zwdd+AStzfwJgQ==",
            "primary_blob_endpoint": "https://vmstorageraccount.blob.core.windows.net/",
            "primary_blob_host": "vmstorageraccount.blob.core.windows.net",
            "primary_connection_string": "DefaultEndpointsProtocol=https;AccountName=vmstorageraccount;AccountKey=b6xSb+w4OrylGDxgVOu6XneYeE92Am0P5fMbTXlcEQD5DVoPFnsLOe9P1NgCmklWO8Qxw564Zwdd+AStzfwJgQ==;EndpointSuffix=core.windows.net",
            "primary_dfs_endpoint": "https://vmstorageraccount.dfs.core.windows.net/",
            "primary_dfs_host": "vmstorageraccount.dfs.core.windows.net",
            "primary_file_endpoint": "https://vmstorageraccount.file.core.windows.net/",
            "primary_file_host": "vmstorageraccount.file.core.windows.net",
            "primary_location": "eastus",
            "primary_queue_endpoint": "https://vmstorageraccount.queue.core.windows.net/",
            "primary_queue_host": "vmstorageraccount.queue.core.windows.net",
            "primary_table_endpoint": "https://vmstorageraccount.table.core.windows.net/",
            "primary_table_host": "vmstorageraccount.table.core.windows.net",
            "primary_web_endpoint": "https://vmstorageraccount.z13.web.core.windows.net/",
            "primary_web_host": "vmstorageraccount.z13.web.core.windows.net",
            "public_network_access_enabled": true,
            "queue_encryption_key_type": "Service",
            "queue_properties": [
              {
                "cors_rule": [],
                "hour_metrics": [
                  {
                    "enabled": true,
                    "include_apis": true,
                    "retention_policy_days": 7,
                    "version": "1.0"
                  }
                ],
                "logging": [
                  {
                    "delete": false,
                    "read": false,
                    "retention_policy_days": 0,
                    "version": "1.0",
                    "write": false
                  }
                ],
                "minute_metrics": [
                  {
                    "enabled": false,
                    "include_apis": false,
                    "retention_policy_days": 0,
                    "version": "1.0"
                  }
                ]
              }
            ],
            "resource_group_name": "aayush-rg",
            "routing": [],
            "sas_policy": [],
            "secondary_access_key": "ptB4cWEMOTWm+kZZW0WLQV2yAEQFQJ7671u0OY0yRSaWxmxzapVY1sylgF6Kf3HyNrKYhcjyTX+j+AStDO+khg==",
            "secondary_blob_connection_string": "",
            "secondary_blob_endpoint": null,
            "secondary_blob_host": null,
            "secondary_connection_string": "DefaultEndpointsProtocol=https;AccountName=vmstorageraccount;AccountKey=ptB4cWEMOTWm+kZZW0WLQV2yAEQFQJ7671u0OY0yRSaWxmxzapVY1sylgF6Kf3HyNrKYhcjyTX+j+AStDO+khg==;EndpointSuffix=core.windows.net",
            "secondary_dfs_endpoint": null,
            "secondary_dfs_host": null,
            "secondary_file_endpoint": null,
            "secondary_file_host": null,
            "secondary_location": "westus",
            "secondary_queue_endpoint": null,
            "secondary_queue_host": null,
            "secondary_table_endpoint": null,
            "secondary_table_host": null,
            "secondary_web_endpoint": null,
            "secondary_web_host": null,
            "sftp_enabled": false,
            "share_properties": [
              {
                "cors_rule": [],
                "retention_policy": [
                  {
                    "days": 7
                  }
                ],
                "smb": []
              }
            ],
            "shared_access_key_enabled": true,
            "static_website": [],
            "table_encryption_key_type": "Service",
            "tags": null,
            "timeouts": null
          },
          "sensitive_attributes": [],
          "private": "eyJlMmJmYjczMC1lY2FhLTExZTYtOGY4OC0zNDM2M2JjN2M0YzAiOnsiY3JlYXRlIjozNjAwMDAwMDAwMDAwLCJkZWxldGUiOjM2MDAwMDAwMDAwMDAsInJlYWQiOjMwMDAwMDAwMDAwMCwidXBkYXRlIjozNjAwMDAwMDAwMDAwfSwic2NoZW1hX3ZlcnNpb24iOiI0In0=",
          "dependencies": [
            "module.rg.azurerm_resource_group.example"
          ]
        }
      ]
    },
    {
      "module": "module.rg",
      "mode": "managed",
      "type": "azurerm_resource_group",
      "name": "example",
      "provider": "provider[\"registry.terraform.io/hashicorp/azurerm\"]",
      "instances": [
        {
          "schema_version": 0,
          "attributes": {
            "id": "/subscriptions/0c680750-977c-4878-8aa3-3d23caa45b53/resourceGroups/aayush-rg",
            "location": "eastus",
            "managed_by": "",
            "name": "aayush-rg",
            "tags": null,
            "timeouts": null
          },
          "sensitive_attributes": [],
          "private": "eyJlMmJmYjczMC1lY2FhLTExZTYtOGY4OC0zNDM2M2JjN2M0YzAiOnsiY3JlYXRlIjo1NDAwMDAwMDAwMDAwLCJkZWxldGUiOjU0MDAwMDAwMDAwMDAsInJlYWQiOjMwMDAwMDAwMDAwMCwidXBkYXRlIjo1NDAwMDAwMDAwMDAwfX0="
        }
      ]
    },
    {
      "module": "module.vm",
      "mode": "managed",
      "type": "azurerm_linux_virtual_machine",
      "name": "my_vm",
      "provider": "module.vm.provider[\"registry.terraform.io/hashicorp/azurerm\"]",
      "instances": [
        {
          "schema_version": 0,
          "attributes": {
            "additional_capabilities": [],
            "admin_password": "Admin_123456",
            "admin_ssh_key": [],
            "admin_username": "azureuser",
            "allow_extension_operations": true,
            "availability_set_id": "",
            "boot_diagnostics": [],
            "capacity_reservation_group_id": "",
            "computer_name": "myvm",
            "custom_data": "IyFiaW4vYmFzaC8Kc3VkbyBhcHQgdXBkYXRlCnN1ZG8gYXB0IGluc3RhbGwgcHl0aG9uIC15",
            "dedicated_host_group_id": "",
            "dedicated_host_id": "",
            "disable_password_authentication": false,
            "edge_zone": "",
            "encryption_at_host_enabled": false,
            "eviction_policy": "",
            "extensions_time_budget": "PT1H30M",
            "gallery_application": [],
            "id": "/subscriptions/0c680750-977c-4878-8aa3-3d23caa45b53/resourceGroups/aayush-rg/providers/Microsoft.Compute/virtualMachines/myVM1",
            "identity": [],
            "license_type": "",
            "location": "eastus",
            "max_bid_price": -1,
            "name": "myVM1",
            "network_interface_ids": [
              "/subscriptions/0c680750-977c-4878-8aa3-3d23caa45b53/resourceGroups/aayush-rg/providers/Microsoft.Network/networkInterfaces/myNIC"
            ],
            "os_disk": [
              {
                "caching": "ReadWrite",
                "diff_disk_settings": [],
                "disk_encryption_set_id": "",
                "disk_size_gb": 30,
                "name": "myOsDisk",
                "secure_vm_disk_encryption_set_id": "",
                "security_encryption_type": "",
                "storage_account_type": "Premium_LRS",
                "write_accelerator_enabled": false
              }
            ],
            "patch_assessment_mode": "ImageDefault",
            "patch_mode": "ImageDefault",
            "plan": [],
            "platform_fault_domain": -1,
            "priority": "Regular",
            "private_ip_address": "10.1.0.4",
            "private_ip_addresses": [
              "10.1.0.4"
            ],
            "provision_vm_agent": true,
            "proximity_placement_group_id": "",
            "public_ip_address": "172.174.82.206",
            "public_ip_addresses": [
              "172.174.82.206"
            ],
            "resource_group_name": "aayush-rg",
            "secret": [],
            "secure_boot_enabled": false,
            "size": "Standard_DS1_v2",
            "source_image_id": "",
            "source_image_reference": [
              {
                "offer": "0001-com-ubuntu-server-jammy",
                "publisher": "Canonical",
                "sku": "22_04-lts-gen2",
                "version": "latest"
              }
            ],
            "tags": null,
            "termination_notification": null,
            "timeouts": null,
            "user_data": "",
            "virtual_machine_id": "994e3dd4-37e7-40ce-ae8d-0237ad4d2662",
            "virtual_machine_scale_set_id": "",
            "vtpm_enabled": false,
            "zone": ""
          },
          "sensitive_attributes": [],
          "private": "eyJlMmJmYjczMC1lY2FhLTExZTYtOGY4OC0zNDM2M2JjN2M0YzAiOnsiY3JlYXRlIjoyNzAwMDAwMDAwMDAwLCJkZWxldGUiOjI3MDAwMDAwMDAwMDAsInJlYWQiOjMwMDAwMDAwMDAwMCwidXBkYXRlIjoyNzAwMDAwMDAwMDAwfX0=",
          "dependencies": [
            "module.rg.azurerm_resource_group.example",
            "module.vm.azurerm_network_interface.my_nic",
            "module.vm.azurerm_public_ip.my_public_ip",
            "module.vnet.azurerm_subnet.example-1",
            "module.vnet.azurerm_virtual_network.example-1"
          ]
        }
      ]
    },
    {
      "module": "module.vm",
      "mode": "managed",
      "type": "azurerm_network_interface",
      "name": "my_nic",
      "provider": "module.vm.provider[\"registry.terraform.io/hashicorp/azurerm\"]",
      "instances": [
        {
          "schema_version": 0,
          "attributes": {
            "applied_dns_servers": [],
            "dns_servers": [],
            "edge_zone": "",
            "enable_accelerated_networking": false,
            "enable_ip_forwarding": false,
            "id": "/subscriptions/0c680750-977c-4878-8aa3-3d23caa45b53/resourceGroups/aayush-rg/providers/Microsoft.Network/networkInterfaces/myNIC",
            "internal_dns_name_label": "",
            "internal_domain_name_suffix": "jfavmuivisee1hxgvu2my0ky1h.bx.internal.cloudapp.net",
            "ip_configuration": [
              {
                "gateway_load_balancer_frontend_ip_configuration_id": "",
                "name": "my_nic_configuration",
                "primary": true,
                "private_ip_address": "10.1.0.4",
                "private_ip_address_allocation": "Dynamic",
                "private_ip_address_version": "IPv4",
                "public_ip_address_id": "/subscriptions/0c680750-977c-4878-8aa3-3d23caa45b53/resourceGroups/aayush-rg/providers/Microsoft.Network/publicIPAddresses/myPublicIP",
                "subnet_id": "/subscriptions/0c680750-977c-4878-8aa3-3d23caa45b53/resourceGroups/aayush-rg/providers/Microsoft.Network/virtualNetworks/vnet01/subnets/subnet01"
              }
            ],
            "location": "eastus",
            "mac_address": "",
            "name": "myNIC",
            "private_ip_address": "10.1.0.4",
            "private_ip_addresses": [
              "10.1.0.4"
            ],
            "resource_group_name": "aayush-rg",
            "tags": null,
            "timeouts": null,
            "virtual_machine_id": ""
          },
          "sensitive_attributes": [],
          "private": "eyJlMmJmYjczMC1lY2FhLTExZTYtOGY4OC0zNDM2M2JjN2M0YzAiOnsiY3JlYXRlIjoxODAwMDAwMDAwMDAwLCJkZWxldGUiOjE4MDAwMDAwMDAwMDAsInJlYWQiOjMwMDAwMDAwMDAwMCwidXBkYXRlIjoxODAwMDAwMDAwMDAwfX0=",
          "dependencies": [
            "module.rg.azurerm_resource_group.example",
            "module.vm.azurerm_public_ip.my_public_ip",
            "module.vnet.azurerm_subnet.example-1",
            "module.vnet.azurerm_virtual_network.example-1"
          ]
        }
      ]
    },
    {
      "module": "module.vm",
      "mode": "managed",
      "type": "azurerm_network_interface_security_group_association",
      "name": "example",
      "provider": "module.vm.provider[\"registry.terraform.io/hashicorp/azurerm\"]",
      "instances": [
        {
          "schema_version": 0,
          "attributes": {
            "id": "/subscriptions/0c680750-977c-4878-8aa3-3d23caa45b53/resourceGroups/aayush-rg/providers/Microsoft.Network/networkInterfaces/myNIC|/subscriptions/0c680750-977c-4878-8aa3-3d23caa45b53/resourceGroups/aayush-rg/providers/Microsoft.Network/networkSecurityGroups/myNetworkSecurityGroup",
            "network_interface_id": "/subscriptions/0c680750-977c-4878-8aa3-3d23caa45b53/resourceGroups/aayush-rg/providers/Microsoft.Network/networkInterfaces/myNIC",
            "network_security_group_id": "/subscriptions/0c680750-977c-4878-8aa3-3d23caa45b53/resourceGroups/aayush-rg/providers/Microsoft.Network/networkSecurityGroups/myNetworkSecurityGroup",
            "timeouts": null
          },
          "sensitive_attributes": [],
          "private": "eyJlMmJmYjczMC1lY2FhLTExZTYtOGY4OC0zNDM2M2JjN2M0YzAiOnsiY3JlYXRlIjoxODAwMDAwMDAwMDAwLCJkZWxldGUiOjE4MDAwMDAwMDAwMDAsInJlYWQiOjMwMDAwMDAwMDAwMCwidXBkYXRlIjoxODAwMDAwMDAwMDAwfX0=",
          "dependencies": [
            "module.rg.azurerm_resource_group.example",
            "module.vm.azurerm_network_interface.my_nic",
            "module.vm.azurerm_network_security_group.my_nsg",
            "module.vm.azurerm_public_ip.my_public_ip",
            "module.vnet.azurerm_subnet.example-1",
            "module.vnet.azurerm_virtual_network.example-1"
          ]
        }
      ]
    },
    {
      "module": "module.vm",
      "mode": "managed",
      "type": "azurerm_network_security_group",
      "name": "my_nsg",
      "provider": "module.vm.provider[\"registry.terraform.io/hashicorp/azurerm\"]",
      "instances": [
        {
          "schema_version": 0,
          "attributes": {
            "id": "/subscriptions/0c680750-977c-4878-8aa3-3d23caa45b53/resourceGroups/aayush-rg/providers/Microsoft.Network/networkSecurityGroups/myNetworkSecurityGroup",
            "location": "eastus",
            "name": "myNetworkSecurityGroup",
            "resource_group_name": "aayush-rg",
            "security_rule": [
              {
                "access": "Allow",
                "description": "",
                "destination_address_prefix": "*",
                "destination_address_prefixes": [],
                "destination_application_security_group_ids": [],
                "destination_port_range": "22",
                "destination_port_ranges": [],
                "direction": "Inbound",
                "name": "SSH",
                "priority": 1001,
                "protocol": "Tcp",
                "source_address_prefix": "*",
                "source_address_prefixes": [],
                "source_application_security_group_ids": [],
                "source_port_range": "*",
                "source_port_ranges": []
              }
            ],
            "tags": null,
            "timeouts": null
          },
          "sensitive_attributes": [],
          "private": "eyJlMmJmYjczMC1lY2FhLTExZTYtOGY4OC0zNDM2M2JjN2M0YzAiOnsiY3JlYXRlIjoxODAwMDAwMDAwMDAwLCJkZWxldGUiOjE4MDAwMDAwMDAwMDAsInJlYWQiOjMwMDAwMDAwMDAwMCwidXBkYXRlIjoxODAwMDAwMDAwMDAwfX0=",
          "dependencies": [
            "module.rg.azurerm_resource_group.example"
          ]
        }
      ]
    },
    {
      "module": "module.vm",
      "mode": "managed",
      "type": "azurerm_public_ip",
      "name": "my_public_ip",
      "provider": "module.vm.provider[\"registry.terraform.io/hashicorp/azurerm\"]",
      "instances": [
        {
          "schema_version": 0,
          "attributes": {
            "allocation_method": "Dynamic",
            "ddos_protection_mode": "VirtualNetworkInherited",
            "ddos_protection_plan_id": null,
            "domain_name_label": null,
            "edge_zone": "",
            "fqdn": null,
            "id": "/subscriptions/0c680750-977c-4878-8aa3-3d23caa45b53/resourceGroups/aayush-rg/providers/Microsoft.Network/publicIPAddresses/myPublicIP",
            "idle_timeout_in_minutes": 4,
            "ip_address": "",
            "ip_tags": null,
            "ip_version": "IPv4",
            "location": "eastus",
            "name": "myPublicIP",
            "public_ip_prefix_id": null,
            "resource_group_name": "aayush-rg",
            "reverse_fqdn": null,
            "sku": "Basic",
            "sku_tier": "Regional",
            "tags": null,
            "timeouts": null,
            "zones": null
          },
          "sensitive_attributes": [],
          "private": "eyJlMmJmYjczMC1lY2FhLTExZTYtOGY4OC0zNDM2M2JjN2M0YzAiOnsiY3JlYXRlIjoxODAwMDAwMDAwMDAwLCJkZWxldGUiOjE4MDAwMDAwMDAwMDAsInJlYWQiOjMwMDAwMDAwMDAwMCwidXBkYXRlIjoxODAwMDAwMDAwMDAwfX0=",
          "dependencies": [
            "module.rg.azurerm_resource_group.example"
          ]
        }
      ]
    },
    {
      "module": "module.vm",
      "mode": "managed",
      "type": "tls_private_key",
      "name": "example_ssh",
      "provider": "provider[\"registry.terraform.io/hashicorp/tls\"]",
      "instances": [
        {
          "schema_version": 1,
          "attributes": {
            "algorithm": "RSA",
            "ecdsa_curve": "P224",
            "id": "3262aad7624c0a10ca1b63ce248e56ec8f7794f3",
            "private_key_openssh": "-----BEGIN OPENSSH PRIVATE KEY-----\nb3BlbnNzaC1rZXktdjEAAAAABG5vbmUAAAAEbm9uZQAAAAAAAAABAAACFwAAAAdz\nc2gtcnNhAAAAAwEAAQAAAgEA1Pk1p9+H/L9rsS/PZZ7TtHukUKUG2qkmbnfgo7oI\nV50SEs7lX/+S62R+7hsmhRaXAcUt8WGBhPH3x2LCdDZNHVpAsif08C4g3lRTw2wm\nD1KKapVBDpOJdXw7qd7avEb7vI67/ROFzsD512IWahSr6sZKmpe9tSQ6eTyGJ6Ie\nKoks/+hhE/1U9/0WbPvYIorldnzFvwso5ZX0b1JSaG1xJUIb2l5nCJXnr1vxzt5o\nF7iOiYGz00ZgtU3wZL4O80A6+9IYKzgM8BJs5/l9zU2qI2Ewn6MkXH70Dpfe04oP\ndamxCUzrhsbMPiVcwgDT2UsyxR8RhrCz+ES2pl4V3UMEjnrUkCOEsRqNTVSJ4A9w\nOXt5BC16Lyffy3KRiz1U3N/OhyncnJz5WU+dVc5+yyoK3uzKtAfuG92dndsYBSDK\nzZ5MoWvEDzXhIZSmU/plVtRN9cf81yhdHbgBX/fdik6vSrcReehlJNX7Vpi2WMnH\nW41c8JNxzi4MFFkQrldWo8EKaXPQqqCtYzqMdR/0RWVz/Ve7RZdKmKdxccqP6BVw\nmDnmoOK/NwIcnubBYMbSd4XiGycGQZdoQBxKHDOsNS0sotpHgugfNzIc6ioGTe3L\ngnqlqRWT2PytyxWMdWTpnBzVmbmfFsSfIU8wzDryKErUbEqOp479QtrCEuDHlcSV\nGZcAAAc4Fua6NRbmujUAAAAHc3NoLXJzYQAAAgEA1Pk1p9+H/L9rsS/PZZ7TtHuk\nUKUG2qkmbnfgo7oIV50SEs7lX/+S62R+7hsmhRaXAcUt8WGBhPH3x2LCdDZNHVpA\nsif08C4g3lRTw2wmD1KKapVBDpOJdXw7qd7avEb7vI67/ROFzsD512IWahSr6sZK\nmpe9tSQ6eTyGJ6IeKoks/+hhE/1U9/0WbPvYIorldnzFvwso5ZX0b1JSaG1xJUIb\n2l5nCJXnr1vxzt5oF7iOiYGz00ZgtU3wZL4O80A6+9IYKzgM8BJs5/l9zU2qI2Ew\nn6MkXH70Dpfe04oPdamxCUzrhsbMPiVcwgDT2UsyxR8RhrCz+ES2pl4V3UMEjnrU\nkCOEsRqNTVSJ4A9wOXt5BC16Lyffy3KRiz1U3N/OhyncnJz5WU+dVc5+yyoK3uzK\ntAfuG92dndsYBSDKzZ5MoWvEDzXhIZSmU/plVtRN9cf81yhdHbgBX/fdik6vSrcR\neehlJNX7Vpi2WMnHW41c8JNxzi4MFFkQrldWo8EKaXPQqqCtYzqMdR/0RWVz/Ve7\nRZdKmKdxccqP6BVwmDnmoOK/NwIcnubBYMbSd4XiGycGQZdoQBxKHDOsNS0sotpH\ngugfNzIc6ioGTe3LgnqlqRWT2PytyxWMdWTpnBzVmbmfFsSfIU8wzDryKErUbEqO\np479QtrCEuDHlcSVGZcAAAADAQABAAACAQC4yS3r5UAZZYEsML5zfpZTj7/nFPjY\nelFVIgAwLvaUBj2rQga0/4xbX0vejoIikZIeQBZ3zFFTp5qETkVIDeFk6W0e5xpX\n1r5ACczPz6NKQiTFC5Fx80MeQ9eEsU76c2BynymvEORVmwxr+7hU/HCZ+Mi8T5KT\ne8accI46Dyi7YWBA/kBU1saFkPuHPhCvD/K+ls4Az88BPNXkTPohj2vPlweRtb0S\nLvbiKRWql0Cb7E8IMhhz5Sl9xg0ha+KO3pkO66B6x1w6ZNJHiCrGGm/X2LkWmbev\n5ZsemlkFFFILllt8JVhqDU0jUsmjrpIhhGSdsjJDuke8zunnedTgsQhefTh9k2Jg\nDF/GOSAYWtjg617pMbLOV0+1sAFqhrLH4aPGOLsyc0WPkZVuBD2/Llp91MseQUaK\nskHMuMM/Z8E2ByMMsyff4DpjdWpF876WYK1s/jnDxnxW/ycenhrYiiKOV2XJSzs6\nPl9rL9DPZjY4v3UvMtY5xsQ7L4XftvGQapu8QfVMqmO4nFVTxm0y2L3rLaz811EA\nQwkudhyhByTw6o220D/cxHHwlY+/LufohgaDeX50qvOgxa7VmSN70RrducnS2WrA\nmUhCSnK4FnPWLummxNqSxNtLaqptfeuDpd5gh8iPAiKDfO62ugAeCsSriKGD/r8B\n03BkkHX2VznMoQAAAQEAgtcpHekLxmKN6s6EkiBQw2hAA5l02M/Vo5MKqJaLiFxB\nOj1GtvN8z7q+s2e2mMpDEJWVwqNe6FAYldH51hlI7LzvX6qFlpQp0RGw1MOeiNFL\nv6HWITi+W2rO7XCoqzjF8e1rbnsjGhsnBYE6wWOdvlrFI9pdA4YtQZrKlZStupGA\ntUjs7PsfqAyH2KMz5dg3j53teT3QiS5tdW+zafgetXAQiGI18a29lqfs3bQKpkIV\neCGKcUn8rvKPR7tmtFjTY1Xvui4Fqdij9MSm4hrLskV9w6943b2G+i+vmz0lv0VZ\nuddgRXEcAz6ZEHo4+/zu9THK0upu2fTfJ4E+7v2RRwAAAQEA2cJZILlWUm7pua+Z\noDy/aF88yRWjAtRkRx6kkucIwH7DFVwluzNvZsF7Kvbk8zeJDc2wwcTNWNWU6GNQ\nm1+FatvKZkpveHWbgYhdgH+CpI/lFjbg8XA+cdqn2/M/MN6SFAWKpS4lXCU5D5i4\nXxLzVQUc5rasRXrRuRWHjoe7r8IFk0Fjj7ykHjf+toDxCOfFtEXggdnHu3thYhng\nggUDZDXG1xeYxjhrPKCHl2zKY9XCf6PGe7VL9lC7xODtiAmYDMXCWe54WeZoAQlJ\nUYuBOU32qxhcF+tun/kUM3slnVeA7nlWkNs+qUBJ9e72+m7XfdrwglTFOdSNT11p\nCwSLkQAAAQEA+l+2zVij9YppvdvwUKBp+onNAgp/TejPLD7HRuV2o871XJrQZgec\n4iaYKJS6bBqwBM9t6GcQ4czsnTia/XMt+ry0ZlM4q2f38P4i23a3vcmXiW+fGUmr\ntJFmmAxRJ19rqBV2XCY67WILqCu+fGP1znSHahgg5mkxNky5GhB/7zFMu8jQw0Kk\nrvLMkr93inFSjJCdzb8LrFz+AJpWhlnWqnyAEVehT90jUeL8o+2Dwmyu8vckbtP6\nO9QvGp1IWo6v28IC9H8rzZIaw0vIj64+Y8Lv6ol//AxMDdJ6y3ADduXmFztP4cj3\nIWlptSsQBZwtHbdWHDMAsLTeMi43oeoupwAAAAAB\n-----END OPENSSH PRIVATE KEY-----\n",
            "private_key_pem": "-----BEGIN RSA PRIVATE KEY-----\nMIIJKwIBAAKCAgEA1Pk1p9+H/L9rsS/PZZ7TtHukUKUG2qkmbnfgo7oIV50SEs7l\nX/+S62R+7hsmhRaXAcUt8WGBhPH3x2LCdDZNHVpAsif08C4g3lRTw2wmD1KKapVB\nDpOJdXw7qd7avEb7vI67/ROFzsD512IWahSr6sZKmpe9tSQ6eTyGJ6IeKoks/+hh\nE/1U9/0WbPvYIorldnzFvwso5ZX0b1JSaG1xJUIb2l5nCJXnr1vxzt5oF7iOiYGz\n00ZgtU3wZL4O80A6+9IYKzgM8BJs5/l9zU2qI2Ewn6MkXH70Dpfe04oPdamxCUzr\nhsbMPiVcwgDT2UsyxR8RhrCz+ES2pl4V3UMEjnrUkCOEsRqNTVSJ4A9wOXt5BC16\nLyffy3KRiz1U3N/OhyncnJz5WU+dVc5+yyoK3uzKtAfuG92dndsYBSDKzZ5MoWvE\nDzXhIZSmU/plVtRN9cf81yhdHbgBX/fdik6vSrcReehlJNX7Vpi2WMnHW41c8JNx\nzi4MFFkQrldWo8EKaXPQqqCtYzqMdR/0RWVz/Ve7RZdKmKdxccqP6BVwmDnmoOK/\nNwIcnubBYMbSd4XiGycGQZdoQBxKHDOsNS0sotpHgugfNzIc6ioGTe3LgnqlqRWT\n2PytyxWMdWTpnBzVmbmfFsSfIU8wzDryKErUbEqOp479QtrCEuDHlcSVGZcCAwEA\nAQKCAgEAuMkt6+VAGWWBLDC+c36WU4+/5xT42HpRVSIAMC72lAY9q0IGtP+MW19L\n3o6CIpGSHkAWd8xRU6eahE5FSA3hZOltHucaV9a+QAnMz8+jSkIkxQuRcfNDHkPX\nhLFO+nNgcp8prxDkVZsMa/u4VPxwmfjIvE+Sk3vGnHCOOg8ou2FgQP5AVNbGhZD7\nhz4Qrw/yvpbOAM/PATzV5Ez6IY9rz5cHkbW9Ei724ikVqpdAm+xPCDIYc+UpfcYN\nIWvijt6ZDuugesdcOmTSR4gqxhpv19i5Fpm3r+WbHppZBRRSC5ZbfCVYag1NI1LJ\no66SIYRknbIyQ7pHvM7p53nU4LEIXn04fZNiYAxfxjkgGFrY4Ote6TGyzldPtbAB\naoayx+Gjxji7MnNFj5GVbgQ9vy5afdTLHkFGirJBzLjDP2fBNgcjDLMn3+A6Y3Vq\nRfO+lmCtbP45w8Z8Vv8nHp4a2IoijldlyUs7Oj5fay/Qz2Y2OL91LzLWOcbEOy+F\n37bxkGqbvEH1TKpjuJxVU8ZtMti96y2s/NdRAEMJLnYcoQck8OqNttA/3MRx8JWP\nvy7n6IYGg3l+dKrzoMWu1Zkje9Ea3bnJ0tlqwJlIQkpyuBZz1i7ppsTaksTbS2qq\nbX3rg6XeYIfIjwIig3zutroAHgrEq4ihg/6/AdNwZJB19lc5zKECggEBANnCWSC5\nVlJu6bmvmaA8v2hfPMkVowLUZEcepJLnCMB+wxVcJbszb2bBeyr25PM3iQ3NsMHE\nzVjVlOhjUJtfhWrbymZKb3h1m4GIXYB/gqSP5RY24PFwPnHap9vzPzDekhQFiqUu\nJVwlOQ+YuF8S81UFHOa2rEV60bkVh46Hu6/CBZNBY4+8pB43/raA8QjnxbRF4IHZ\nx7t7YWIZ4IIFA2Q1xtcXmMY4azygh5dsymPVwn+jxnu1S/ZQu8Tg7YgJmAzFwlnu\neFnmaAEJSVGLgTlN9qsYXBfrbp/5FDN7JZ1XgO55VpDbPqlASfXu9vpu133a8IJU\nxTnUjU9daQsEi5ECggEBAPpfts1Yo/WKab3b8FCgafqJzQIKf03ozyw+x0bldqPO\n9Vya0GYHnOImmCiUumwasATPbehnEOHM7J04mv1zLfq8tGZTOKtn9/D+Itt2t73J\nl4lvnxlJq7SRZpgMUSdfa6gVdlwmOu1iC6grvnxj9c50h2oYIOZpMTZMuRoQf+8x\nTLvI0MNCpK7yzJK/d4pxUoyQnc2/C6xc/gCaVoZZ1qp8gBFXoU/dI1Hi/KPtg8Js\nrvL3JG7T+jvULxqdSFqOr9vCAvR/K82SGsNLyI+uPmPC7+qJf/wMTA3SestwA3bl\n5hc7T+HI9yFpabUrEAWcLR23VhwzALC03jIuN6HqLqcCggEBAM3NAdMNlmmd7ULS\nlMx93SBVMeuRiVg5RvR4H22+7+SNaO4dAoPj3pssrK00XbkHeX4UMcNPrgsRAASJ\nKDtPkZYmVylJnAQqkmdfa47v85Z3cDkIcJt+S2XrEs2rHMOg9kn52si1zhVCEKWO\n3mDsVhC6HlBlwHaB1wenM1AfM+Ct6/r5x5Cm5iyxGwd84VBbS9xOVhoiqsOjnavL\nbQU0m7nvoRbTdE2SMLdBuCQCa1zjP0jGjeWIuFv4fR1avuLcvlkD5eR8nj3Ipe6k\nyihJQj3YUxHsmcz5crm5+7+T2T7U3kODZa7NpnDrE3tc9wpEC2EktD1YxHUdTtf9\nHjONfiECggEBAKftUnpgHXguocWJoqExNmOn0SyxRblHkMyoPpg6h1xPDxpRa71D\nFeJI6H0vY+nl7HENfzYFCrmn7Ht2391mR0yJDKYk4zlzvkSQ72grNAnDEDRJ/XfE\nhbnSW/FXMYcq5NYTrxMXQSa+P/tHe7eKg+85ESoDjO19WFiHFQ96SZRwiHrascqF\nBFei2bsDWHYuk6Nby7uXi4jLxkE5QxdRYj1uy6bWE4exVmMxzylTwK/CnYSwZms/\nGfLO2dkL7N9wHFtUwQ6jzQlQGUsrpRVZVNcshCXWm1S+GrSam2mfc3Nntu+WBHn3\nhGmQfinY/CIHIetwb/zx6GCcrvsRLJcYrrkCggEBAILXKR3pC8ZijerOhJIgUMNo\nQAOZdNjP1aOTCqiWi4hcQTo9RrbzfM+6vrNntpjKQxCVlcKjXuhQGJXR+dYZSOy8\n71+qhZaUKdERsNTDnojRS7+h1iE4vltqzu1wqKs4xfHta257IxobJwWBOsFjnb5a\nxSPaXQOGLUGaypWUrbqRgLVI7Oz7H6gMh9ijM+XYN4+d7Xk90IkubXVvs2n4HrVw\nEIhiNfGtvZan7N20CqZCFXghinFJ/K7yj0e7ZrRY02NV77ouBanYo/TEpuIay7JF\nfcOveN29hvovr5s9Jb9FWbnXYEVxHAM+mRB6OPv87vUxytLqbtn03yeBPu79kUc=\n-----END RSA PRIVATE KEY-----\n",
            "private_key_pem_pkcs8": "-----BEGIN PRIVATE KEY-----\nMIIJRQIBADANBgkqhkiG9w0BAQEFAASCCS8wggkrAgEAAoICAQDU+TWn34f8v2ux\nL89lntO0e6RQpQbaqSZud+CjughXnRISzuVf/5LrZH7uGyaFFpcBxS3xYYGE8ffH\nYsJ0Nk0dWkCyJ/TwLiDeVFPDbCYPUopqlUEOk4l1fDup3tq8Rvu8jrv9E4XOwPnX\nYhZqFKvqxkqal721JDp5PIYnoh4qiSz/6GET/VT3/RZs+9giiuV2fMW/CyjllfRv\nUlJobXElQhvaXmcIleevW/HO3mgXuI6JgbPTRmC1TfBkvg7zQDr70hgrOAzwEmzn\n+X3NTaojYTCfoyRcfvQOl97Tig91qbEJTOuGxsw+JVzCANPZSzLFHxGGsLP4RLam\nXhXdQwSOetSQI4SxGo1NVIngD3A5e3kELXovJ9/LcpGLPVTc386HKdycnPlZT51V\nzn7LKgre7Mq0B+4b3Z2d2xgFIMrNnkyha8QPNeEhlKZT+mVW1E31x/zXKF0duAFf\n992KTq9KtxF56GUk1ftWmLZYycdbjVzwk3HOLgwUWRCuV1ajwQppc9CqoK1jOox1\nH/RFZXP9V7tFl0qYp3Fxyo/oFXCYOeag4r83Ahye5sFgxtJ3heIbJwZBl2hAHEoc\nM6w1LSyi2keC6B83MhzqKgZN7cuCeqWpFZPY/K3LFYx1ZOmcHNWZuZ8WxJ8hTzDM\nOvIoStRsSo6njv1C2sIS4MeVxJUZlwIDAQABAoICAQC4yS3r5UAZZYEsML5zfpZT\nj7/nFPjYelFVIgAwLvaUBj2rQga0/4xbX0vejoIikZIeQBZ3zFFTp5qETkVIDeFk\n6W0e5xpX1r5ACczPz6NKQiTFC5Fx80MeQ9eEsU76c2BynymvEORVmwxr+7hU/HCZ\n+Mi8T5KTe8accI46Dyi7YWBA/kBU1saFkPuHPhCvD/K+ls4Az88BPNXkTPohj2vP\nlweRtb0SLvbiKRWql0Cb7E8IMhhz5Sl9xg0ha+KO3pkO66B6x1w6ZNJHiCrGGm/X\n2LkWmbev5ZsemlkFFFILllt8JVhqDU0jUsmjrpIhhGSdsjJDuke8zunnedTgsQhe\nfTh9k2JgDF/GOSAYWtjg617pMbLOV0+1sAFqhrLH4aPGOLsyc0WPkZVuBD2/Llp9\n1MseQUaKskHMuMM/Z8E2ByMMsyff4DpjdWpF876WYK1s/jnDxnxW/ycenhrYiiKO\nV2XJSzs6Pl9rL9DPZjY4v3UvMtY5xsQ7L4XftvGQapu8QfVMqmO4nFVTxm0y2L3r\nLaz811EAQwkudhyhByTw6o220D/cxHHwlY+/LufohgaDeX50qvOgxa7VmSN70Rrd\nucnS2WrAmUhCSnK4FnPWLummxNqSxNtLaqptfeuDpd5gh8iPAiKDfO62ugAeCsSr\niKGD/r8B03BkkHX2VznMoQKCAQEA2cJZILlWUm7pua+ZoDy/aF88yRWjAtRkRx6k\nkucIwH7DFVwluzNvZsF7Kvbk8zeJDc2wwcTNWNWU6GNQm1+FatvKZkpveHWbgYhd\ngH+CpI/lFjbg8XA+cdqn2/M/MN6SFAWKpS4lXCU5D5i4XxLzVQUc5rasRXrRuRWH\njoe7r8IFk0Fjj7ykHjf+toDxCOfFtEXggdnHu3thYhngggUDZDXG1xeYxjhrPKCH\nl2zKY9XCf6PGe7VL9lC7xODtiAmYDMXCWe54WeZoAQlJUYuBOU32qxhcF+tun/kU\nM3slnVeA7nlWkNs+qUBJ9e72+m7XfdrwglTFOdSNT11pCwSLkQKCAQEA+l+2zVij\n9YppvdvwUKBp+onNAgp/TejPLD7HRuV2o871XJrQZgec4iaYKJS6bBqwBM9t6GcQ\n4czsnTia/XMt+ry0ZlM4q2f38P4i23a3vcmXiW+fGUmrtJFmmAxRJ19rqBV2XCY6\n7WILqCu+fGP1znSHahgg5mkxNky5GhB/7zFMu8jQw0KkrvLMkr93inFSjJCdzb8L\nrFz+AJpWhlnWqnyAEVehT90jUeL8o+2Dwmyu8vckbtP6O9QvGp1IWo6v28IC9H8r\nzZIaw0vIj64+Y8Lv6ol//AxMDdJ6y3ADduXmFztP4cj3IWlptSsQBZwtHbdWHDMA\nsLTeMi43oeoupwKCAQEAzc0B0w2WaZ3tQtKUzH3dIFUx65GJWDlG9Hgfbb7v5I1o\n7h0Cg+PemyysrTRduQd5fhQxw0+uCxEABIkoO0+RliZXKUmcBCqSZ19rju/zlndw\nOQhwm35LZesSzascw6D2SfnayLXOFUIQpY7eYOxWELoeUGXAdoHXB6czUB8z4K3r\n+vnHkKbmLLEbB3zhUFtL3E5WGiKqw6Odq8ttBTSbue+hFtN0TZIwt0G4JAJrXOM/\nSMaN5Yi4W/h9HVq+4ty+WQPl5HyePcil7qTKKElCPdhTEeyZzPlyubn7v5PZPtTe\nQ4Nlrs2mcOsTe1z3CkQLYSS0PVjEdR1O1/0eM41+IQKCAQEAp+1SemAdeC6hxYmi\noTE2Y6fRLLFFuUeQzKg+mDqHXE8PGlFrvUMV4kjofS9j6eXscQ1/NgUKuafse3bf\n3WZHTIkMpiTjOXO+RJDvaCs0CcMQNEn9d8SFudJb8Vcxhyrk1hOvExdBJr4/+0d7\nt4qD7zkRKgOM7X1YWIcVD3pJlHCIetqxyoUEV6LZuwNYdi6To1vLu5eLiMvGQTlD\nF1FiPW7LptYTh7FWYzHPKVPAr8KdhLBmaz8Z8s7Z2Qvs33AcW1TBDqPNCVAZSyul\nFVlU1yyEJdabVL4atJqbaZ9zc2e275YEefeEaZB+Kdj8Igch63Bv/PHoYJyu+xEs\nlxiuuQKCAQEAgtcpHekLxmKN6s6EkiBQw2hAA5l02M/Vo5MKqJaLiFxBOj1GtvN8\nz7q+s2e2mMpDEJWVwqNe6FAYldH51hlI7LzvX6qFlpQp0RGw1MOeiNFLv6HWITi+\nW2rO7XCoqzjF8e1rbnsjGhsnBYE6wWOdvlrFI9pdA4YtQZrKlZStupGAtUjs7Psf\nqAyH2KMz5dg3j53teT3QiS5tdW+zafgetXAQiGI18a29lqfs3bQKpkIVeCGKcUn8\nrvKPR7tmtFjTY1Xvui4Fqdij9MSm4hrLskV9w6943b2G+i+vmz0lv0VZuddgRXEc\nAz6ZEHo4+/zu9THK0upu2fTfJ4E+7v2RRw==\n-----END PRIVATE KEY-----\n",
            "public_key_fingerprint_md5": "7b:4e:3c:8f:49:96:fe:fe:c8:94:ec:72:96:43:ed:66",
            "public_key_fingerprint_sha256": "SHA256:plm9UiAGDEPGXwSksVDDd+M2fqmpraO/gnOWdPCle6I",
            "public_key_openssh": "ssh-rsa AAAAB3NzaC1yc2EAAAADAQABAAACAQDU+TWn34f8v2uxL89lntO0e6RQpQbaqSZud+CjughXnRISzuVf/5LrZH7uGyaFFpcBxS3xYYGE8ffHYsJ0Nk0dWkCyJ/TwLiDeVFPDbCYPUopqlUEOk4l1fDup3tq8Rvu8jrv9E4XOwPnXYhZqFKvqxkqal721JDp5PIYnoh4qiSz/6GET/VT3/RZs+9giiuV2fMW/CyjllfRvUlJobXElQhvaXmcIleevW/HO3mgXuI6JgbPTRmC1TfBkvg7zQDr70hgrOAzwEmzn+X3NTaojYTCfoyRcfvQOl97Tig91qbEJTOuGxsw+JVzCANPZSzLFHxGGsLP4RLamXhXdQwSOetSQI4SxGo1NVIngD3A5e3kELXovJ9/LcpGLPVTc386HKdycnPlZT51Vzn7LKgre7Mq0B+4b3Z2d2xgFIMrNnkyha8QPNeEhlKZT+mVW1E31x/zXKF0duAFf992KTq9KtxF56GUk1ftWmLZYycdbjVzwk3HOLgwUWRCuV1ajwQppc9CqoK1jOox1H/RFZXP9V7tFl0qYp3Fxyo/oFXCYOeag4r83Ahye5sFgxtJ3heIbJwZBl2hAHEocM6w1LSyi2keC6B83MhzqKgZN7cuCeqWpFZPY/K3LFYx1ZOmcHNWZuZ8WxJ8hTzDMOvIoStRsSo6njv1C2sIS4MeVxJUZlw==\n",
            "public_key_pem": "-----BEGIN PUBLIC KEY-----\nMIICIjANBgkqhkiG9w0BAQEFAAOCAg8AMIICCgKCAgEA1Pk1p9+H/L9rsS/PZZ7T\ntHukUKUG2qkmbnfgo7oIV50SEs7lX/+S62R+7hsmhRaXAcUt8WGBhPH3x2LCdDZN\nHVpAsif08C4g3lRTw2wmD1KKapVBDpOJdXw7qd7avEb7vI67/ROFzsD512IWahSr\n6sZKmpe9tSQ6eTyGJ6IeKoks/+hhE/1U9/0WbPvYIorldnzFvwso5ZX0b1JSaG1x\nJUIb2l5nCJXnr1vxzt5oF7iOiYGz00ZgtU3wZL4O80A6+9IYKzgM8BJs5/l9zU2q\nI2Ewn6MkXH70Dpfe04oPdamxCUzrhsbMPiVcwgDT2UsyxR8RhrCz+ES2pl4V3UME\njnrUkCOEsRqNTVSJ4A9wOXt5BC16Lyffy3KRiz1U3N/OhyncnJz5WU+dVc5+yyoK\n3uzKtAfuG92dndsYBSDKzZ5MoWvEDzXhIZSmU/plVtRN9cf81yhdHbgBX/fdik6v\nSrcReehlJNX7Vpi2WMnHW41c8JNxzi4MFFkQrldWo8EKaXPQqqCtYzqMdR/0RWVz\n/Ve7RZdKmKdxccqP6BVwmDnmoOK/NwIcnubBYMbSd4XiGycGQZdoQBxKHDOsNS0s\notpHgugfNzIc6ioGTe3LgnqlqRWT2PytyxWMdWTpnBzVmbmfFsSfIU8wzDryKErU\nbEqOp479QtrCEuDHlcSVGZcCAwEAAQ==\n-----END PUBLIC KEY-----\n",
            "rsa_bits": 4096
          },
          "sensitive_attributes": []
        }
      ]
    },
    {
      "module": "module.vnet",
      "mode": "managed",
      "type": "azurerm_subnet",
      "name": "example-1",
      "provider": "provider[\"registry.terraform.io/hashicorp/azurerm\"]",
      "instances": [
        {
          "schema_version": 0,
          "attributes": {
            "address_prefixes": [
              "10.1.0.0/24"
            ],
            "delegation": [],
            "enforce_private_link_endpoint_network_policies": false,
            "enforce_private_link_service_network_policies": false,
            "id": "/subscriptions/0c680750-977c-4878-8aa3-3d23caa45b53/resourceGroups/aayush-rg/providers/Microsoft.Network/virtualNetworks/vnet01/subnets/subnet01",
            "name": "subnet01",
            "private_endpoint_network_policies_enabled": true,
            "private_link_service_network_policies_enabled": true,
            "resource_group_name": "aayush-rg",
            "service_endpoint_policy_ids": null,
            "service_endpoints": null,
            "timeouts": null,
            "virtual_network_name": "vnet01"
          },
          "sensitive_attributes": [],
          "private": "eyJlMmJmYjczMC1lY2FhLTExZTYtOGY4OC0zNDM2M2JjN2M0YzAiOnsiY3JlYXRlIjoxODAwMDAwMDAwMDAwLCJkZWxldGUiOjE4MDAwMDAwMDAwMDAsInJlYWQiOjMwMDAwMDAwMDAwMCwidXBkYXRlIjoxODAwMDAwMDAwMDAwfX0=",
          "dependencies": [
            "module.rg.azurerm_resource_group.example",
            "module.vnet.azurerm_virtual_network.example-1"
          ]
        }
      ]
    },
    {
      "module": "module.vnet",
      "mode": "managed",
      "type": "azurerm_virtual_network",
      "name": "example-1",
      "provider": "provider[\"registry.terraform.io/hashicorp/azurerm\"]",
      "instances": [
        {
          "schema_version": 0,
          "attributes": {
            "address_space": [
              "10.1.0.0/16"
            ],
            "bgp_community": "",
            "ddos_protection_plan": [],
            "dns_servers": [],
            "edge_zone": "",
            "flow_timeout_in_minutes": 0,
            "guid": "51564149-4415-4d88-9ee6-ad38cc6958df",
            "id": "/subscriptions/0c680750-977c-4878-8aa3-3d23caa45b53/resourceGroups/aayush-rg/providers/Microsoft.Network/virtualNetworks/vnet01",
            "location": "eastus",
            "name": "vnet01",
            "resource_group_name": "aayush-rg",
            "subnet": [],
            "tags": null,
            "timeouts": null
          },
          "sensitive_attributes": [],
          "private": "eyJlMmJmYjczMC1lY2FhLTExZTYtOGY4OC0zNDM2M2JjN2M0YzAiOnsiY3JlYXRlIjoxODAwMDAwMDAwMDAwLCJkZWxldGUiOjE4MDAwMDAwMDAwMDAsInJlYWQiOjMwMDAwMDAwMDAwMCwidXBkYXRlIjoxODAwMDAwMDAwMDAwfX0=",
          "dependencies": [
            "module.rg.azurerm_resource_group.example"
          ]
        }
      ]
    }
  ],
  "check_results": null
}
