{
  "version": 4,
  "terraform_version": "1.4.6",
  "serial": 146,
  "lineage": "6109b1fc-e01b-35dd-46dc-c89592380699",
  "outputs": {
    "admin_username": {
      "value": "azureuser",
      "type": "string"
    },
    "public_ip_address": {
      "value": "20.185.178.73",
      "type": "string"
    }
  },
  "resources": [
    {
      "mode": "managed",
      "type": "azurerm_monitor_action_group",
      "name": "ag",
      "provider": "provider[\"registry.terraform.io/hashicorp/azurerm\"]",
      "instances": [
        {
          "schema_version": 1,
          "attributes": {
            "arm_role_receiver": [],
            "automation_runbook_receiver": [],
            "azure_app_push_receiver": [],
            "azure_function_receiver": [],
            "email_receiver": [
              {
                "email_address": "aayush.bisht@knoldus.com",
                "name": "sendtoadmin",
                "use_common_alert_schema": false
              }
            ],
            "enabled": true,
            "event_hub_receiver": [],
            "id": "/subscriptions/0c680750-977c-4878-8aa3-3d23caa45b53/resourceGroups/aayush-rg100/providers/Microsoft.Insights/actionGroups/myactiongroup",
            "itsm_receiver": [],
            "location": "global",
            "logic_app_receiver": [],
            "name": "myactiongroup",
            "resource_group_name": "aayush-rg100",
            "short_name": "expactiongrp",
            "sms_receiver": [],
            "tags": null,
            "timeouts": null,
            "voice_receiver": [],
            "webhook_receiver": []
          },
          "sensitive_attributes": [],
          "private": "eyJlMmJmYjczMC1lY2FhLTExZTYtOGY4OC0zNDM2M2JjN2M0YzAiOnsiY3JlYXRlIjoxODAwMDAwMDAwMDAwLCJkZWxldGUiOjE4MDAwMDAwMDAwMDAsInJlYWQiOjMwMDAwMDAwMDAwMCwidXBkYXRlIjoxODAwMDAwMDAwMDAwfSwic2NoZW1hX3ZlcnNpb24iOiIxIn0=",
          "dependencies": [
            "module.rg.azurerm_resource_group.example"
          ]
        }
      ]
    },
    {
      "mode": "managed",
      "type": "azurerm_monitor_metric_alert",
      "name": "alert",
      "provider": "provider[\"registry.terraform.io/hashicorp/azurerm\"]",
      "instances": [
        {
          "schema_version": 1,
          "attributes": {
            "action": [
              {
                "action_group_id": "/subscriptions/0c680750-977c-4878-8aa3-3d23caa45b53/resourceGroups/aayush-rg100/providers/Microsoft.Insights/actionGroups/myactiongroup",
                "webhook_properties": null
              }
            ],
            "application_insights_web_test_location_availability_criteria": [],
            "auto_mitigate": true,
            "criteria": [
              {
                "aggregation": "Total",
                "dimension": [],
                "metric_name": "Percentage CPU",
                "metric_namespace": "Microsoft.Compute/virtualMachines",
                "operator": "GreaterThan",
                "skip_metric_validation": false,
                "threshold": 80
              }
            ],
            "description": "",
            "dynamic_criteria": [],
            "enabled": true,
            "frequency": "PT1M",
            "id": "/subscriptions/0c680750-977c-4878-8aa3-3d23caa45b53/resourceGroups/aayush-rg100/providers/Microsoft.Insights/metricAlerts/example-metricalert",
            "name": "example-metricalert",
            "resource_group_name": "aayush-rg100",
            "scopes": [
              "/subscriptions/0c680750-977c-4878-8aa3-3d23caa45b53/resourceGroups/aayush-rg100/providers/Microsoft.Compute/virtualMachines/myVM1"
            ],
            "severity": 3,
            "tags": null,
            "target_resource_location": "",
            "target_resource_type": "",
            "timeouts": null,
            "window_size": "PT5M"
          },
          "sensitive_attributes": [],
          "private": "eyJlMmJmYjczMC1lY2FhLTExZTYtOGY4OC0zNDM2M2JjN2M0YzAiOnsiY3JlYXRlIjoxODAwMDAwMDAwMDAwLCJkZWxldGUiOjE4MDAwMDAwMDAwMDAsInJlYWQiOjMwMDAwMDAwMDAwMCwidXBkYXRlIjoxODAwMDAwMDAwMDAwfSwic2NoZW1hX3ZlcnNpb24iOiIxIn0=",
          "dependencies": [
            "azurerm_monitor_action_group.ag",
            "module.rg.azurerm_resource_group.example",
            "module.vm.azurerm_linux_virtual_machine.my_vm",
            "module.vm.azurerm_network_interface.my_nic",
            "module.vm.azurerm_public_ip.my_public_ip",
            "module.vnet.azurerm_subnet.example-1",
            "module.vnet.azurerm_virtual_network.example-1"
          ]
        }
      ]
    },
    {
      "module": "module.rg",
      "mode": "managed",
      "type": "azurerm_resource_group",
      "name": "example",
      "provider": "provider[\"registry.terraform.io/hashicorp/azurerm\"]",
      "instances": [
        {
          "schema_version": 0,
          "attributes": {
            "id": "/subscriptions/0c680750-977c-4878-8aa3-3d23caa45b53/resourceGroups/aayush-rg100",
            "location": "eastus",
            "managed_by": "",
            "name": "aayush-rg100",
            "tags": null,
            "timeouts": null
          },
          "sensitive_attributes": [],
          "private": "eyJlMmJmYjczMC1lY2FhLTExZTYtOGY4OC0zNDM2M2JjN2M0YzAiOnsiY3JlYXRlIjo1NDAwMDAwMDAwMDAwLCJkZWxldGUiOjU0MDAwMDAwMDAwMDAsInJlYWQiOjMwMDAwMDAwMDAwMCwidXBkYXRlIjo1NDAwMDAwMDAwMDAwfX0="
        }
      ]
    },
    {
      "module": "module.vm",
      "mode": "managed",
      "type": "azurerm_linux_virtual_machine",
      "name": "my_vm",
      "provider": "module.vm.provider[\"registry.terraform.io/hashicorp/azurerm\"]",
      "instances": [
        {
          "schema_version": 0,
          "attributes": {
            "additional_capabilities": [],
            "admin_password": "Admin_123456",
            "admin_ssh_key": [],
            "admin_username": "azureuser",
            "allow_extension_operations": true,
            "availability_set_id": "",
            "boot_diagnostics": [],
            "capacity_reservation_group_id": "",
            "computer_name": "myvm",
            "custom_data": "IyEvYmluL2Jhc2gKc3VkbyBhcHQgdXBkYXRlCnN1ZG8gYXB0IGluc3RhbGwgc3RyZXNz",
            "dedicated_host_group_id": "",
            "dedicated_host_id": "",
            "disable_password_authentication": false,
            "edge_zone": "",
            "encryption_at_host_enabled": false,
            "eviction_policy": "",
            "extensions_time_budget": "PT1H30M",
            "gallery_application": [],
            "id": "/subscriptions/0c680750-977c-4878-8aa3-3d23caa45b53/resourceGroups/aayush-rg100/providers/Microsoft.Compute/virtualMachines/myVM1",
            "identity": [],
            "license_type": "",
            "location": "eastus",
            "max_bid_price": -1,
            "name": "myVM1",
            "network_interface_ids": [
              "/subscriptions/0c680750-977c-4878-8aa3-3d23caa45b53/resourceGroups/aayush-rg100/providers/Microsoft.Network/networkInterfaces/myNIC"
            ],
            "os_disk": [
              {
                "caching": "ReadWrite",
                "diff_disk_settings": [],
                "disk_encryption_set_id": "",
                "disk_size_gb": 30,
                "name": "myOsDisk",
                "secure_vm_disk_encryption_set_id": "",
                "security_encryption_type": "",
                "storage_account_type": "Premium_LRS",
                "write_accelerator_enabled": false
              }
            ],
            "patch_assessment_mode": "ImageDefault",
            "patch_mode": "ImageDefault",
            "plan": [],
            "platform_fault_domain": -1,
            "priority": "Regular",
            "private_ip_address": "10.1.0.4",
            "private_ip_addresses": [
              "10.1.0.4"
            ],
            "provision_vm_agent": true,
            "proximity_placement_group_id": "",
            "public_ip_address": "20.185.178.73",
            "public_ip_addresses": [
              "20.185.178.73"
            ],
            "resource_group_name": "aayush-rg100",
            "secret": [],
            "secure_boot_enabled": false,
            "size": "Standard_DS1_v2",
            "source_image_id": "",
            "source_image_reference": [
              {
                "offer": "0001-com-ubuntu-server-jammy",
                "publisher": "Canonical",
                "sku": "22_04-lts-gen2",
                "version": "latest"
              }
            ],
            "tags": null,
            "termination_notification": null,
            "timeouts": null,
            "user_data": "",
            "virtual_machine_id": "89cdb370-5b18-4029-ae02-32828dd65f94",
            "virtual_machine_scale_set_id": "",
            "vtpm_enabled": false,
            "zone": ""
          },
          "sensitive_attributes": [],
          "private": "eyJlMmJmYjczMC1lY2FhLTExZTYtOGY4OC0zNDM2M2JjN2M0YzAiOnsiY3JlYXRlIjoyNzAwMDAwMDAwMDAwLCJkZWxldGUiOjI3MDAwMDAwMDAwMDAsInJlYWQiOjMwMDAwMDAwMDAwMCwidXBkYXRlIjoyNzAwMDAwMDAwMDAwfX0=",
          "dependencies": [
            "module.rg.azurerm_resource_group.example",
            "module.vm.azurerm_network_interface.my_nic",
            "module.vm.azurerm_public_ip.my_public_ip",
            "module.vnet.azurerm_subnet.example-1",
            "module.vnet.azurerm_virtual_network.example-1"
          ]
        }
      ]
    },
    {
      "module": "module.vm",
      "mode": "managed",
      "type": "azurerm_network_interface",
      "name": "my_nic",
      "provider": "module.vm.provider[\"registry.terraform.io/hashicorp/azurerm\"]",
      "instances": [
        {
          "schema_version": 0,
          "attributes": {
            "applied_dns_servers": [],
            "dns_servers": [],
            "edge_zone": "",
            "enable_accelerated_networking": false,
            "enable_ip_forwarding": false,
            "id": "/subscriptions/0c680750-977c-4878-8aa3-3d23caa45b53/resourceGroups/aayush-rg100/providers/Microsoft.Network/networkInterfaces/myNIC",
            "internal_dns_name_label": "",
            "internal_domain_name_suffix": "mgq0ai1kgnrevdaiqf4hlw5aac.bx.internal.cloudapp.net",
            "ip_configuration": [
              {
                "gateway_load_balancer_frontend_ip_configuration_id": "",
                "name": "my_nic_configuration",
                "primary": true,
                "private_ip_address": "10.1.0.4",
                "private_ip_address_allocation": "Dynamic",
                "private_ip_address_version": "IPv4",
                "public_ip_address_id": "/subscriptions/0c680750-977c-4878-8aa3-3d23caa45b53/resourceGroups/aayush-rg100/providers/Microsoft.Network/publicIPAddresses/myPublicIP",
                "subnet_id": "/subscriptions/0c680750-977c-4878-8aa3-3d23caa45b53/resourceGroups/aayush-rg100/providers/Microsoft.Network/virtualNetworks/vnet01/subnets/subnet01"
              }
            ],
            "location": "eastus",
            "mac_address": "",
            "name": "myNIC",
            "private_ip_address": "10.1.0.4",
            "private_ip_addresses": [
              "10.1.0.4"
            ],
            "resource_group_name": "aayush-rg100",
            "tags": null,
            "timeouts": null,
            "virtual_machine_id": ""
          },
          "sensitive_attributes": [],
          "private": "eyJlMmJmYjczMC1lY2FhLTExZTYtOGY4OC0zNDM2M2JjN2M0YzAiOnsiY3JlYXRlIjoxODAwMDAwMDAwMDAwLCJkZWxldGUiOjE4MDAwMDAwMDAwMDAsInJlYWQiOjMwMDAwMDAwMDAwMCwidXBkYXRlIjoxODAwMDAwMDAwMDAwfX0=",
          "dependencies": [
            "module.rg.azurerm_resource_group.example",
            "module.vm.azurerm_public_ip.my_public_ip",
            "module.vnet.azurerm_subnet.example-1",
            "module.vnet.azurerm_virtual_network.example-1"
          ]
        }
      ]
    },
    {
      "module": "module.vm",
      "mode": "managed",
      "type": "azurerm_network_interface_security_group_association",
      "name": "example",
      "provider": "module.vm.provider[\"registry.terraform.io/hashicorp/azurerm\"]",
      "instances": [
        {
          "schema_version": 0,
          "attributes": {
            "id": "/subscriptions/0c680750-977c-4878-8aa3-3d23caa45b53/resourceGroups/aayush-rg100/providers/Microsoft.Network/networkInterfaces/myNIC|/subscriptions/0c680750-977c-4878-8aa3-3d23caa45b53/resourceGroups/aayush-rg100/providers/Microsoft.Network/networkSecurityGroups/myNetworkSecurityGroup",
            "network_interface_id": "/subscriptions/0c680750-977c-4878-8aa3-3d23caa45b53/resourceGroups/aayush-rg100/providers/Microsoft.Network/networkInterfaces/myNIC",
            "network_security_group_id": "/subscriptions/0c680750-977c-4878-8aa3-3d23caa45b53/resourceGroups/aayush-rg100/providers/Microsoft.Network/networkSecurityGroups/myNetworkSecurityGroup",
            "timeouts": null
          },
          "sensitive_attributes": [],
          "private": "eyJlMmJmYjczMC1lY2FhLTExZTYtOGY4OC0zNDM2M2JjN2M0YzAiOnsiY3JlYXRlIjoxODAwMDAwMDAwMDAwLCJkZWxldGUiOjE4MDAwMDAwMDAwMDAsInJlYWQiOjMwMDAwMDAwMDAwMCwidXBkYXRlIjoxODAwMDAwMDAwMDAwfX0=",
          "dependencies": [
            "module.rg.azurerm_resource_group.example",
            "module.vm.azurerm_network_interface.my_nic",
            "module.vm.azurerm_network_security_group.my_nsg",
            "module.vm.azurerm_public_ip.my_public_ip",
            "module.vnet.azurerm_subnet.example-1",
            "module.vnet.azurerm_virtual_network.example-1"
          ]
        }
      ]
    },
    {
      "module": "module.vm",
      "mode": "managed",
      "type": "azurerm_network_security_group",
      "name": "my_nsg",
      "provider": "module.vm.provider[\"registry.terraform.io/hashicorp/azurerm\"]",
      "instances": [
        {
          "schema_version": 0,
          "attributes": {
            "id": "/subscriptions/0c680750-977c-4878-8aa3-3d23caa45b53/resourceGroups/aayush-rg100/providers/Microsoft.Network/networkSecurityGroups/myNetworkSecurityGroup",
            "location": "eastus",
            "name": "myNetworkSecurityGroup",
            "resource_group_name": "aayush-rg100",
            "security_rule": [
              {
                "access": "Allow",
                "description": "",
                "destination_address_prefix": "*",
                "destination_address_prefixes": [],
                "destination_application_security_group_ids": [],
                "destination_port_range": "22",
                "destination_port_ranges": [],
                "direction": "Inbound",
                "name": "SSH",
                "priority": 1001,
                "protocol": "Tcp",
                "source_address_prefix": "*",
                "source_address_prefixes": [],
                "source_application_security_group_ids": [],
                "source_port_range": "*",
                "source_port_ranges": []
              }
            ],
            "tags": null,
            "timeouts": null
          },
          "sensitive_attributes": [],
          "private": "eyJlMmJmYjczMC1lY2FhLTExZTYtOGY4OC0zNDM2M2JjN2M0YzAiOnsiY3JlYXRlIjoxODAwMDAwMDAwMDAwLCJkZWxldGUiOjE4MDAwMDAwMDAwMDAsInJlYWQiOjMwMDAwMDAwMDAwMCwidXBkYXRlIjoxODAwMDAwMDAwMDAwfX0=",
          "dependencies": [
            "module.rg.azurerm_resource_group.example"
          ]
        }
      ]
    },
    {
      "module": "module.vm",
      "mode": "managed",
      "type": "azurerm_public_ip",
      "name": "my_public_ip",
      "provider": "module.vm.provider[\"registry.terraform.io/hashicorp/azurerm\"]",
      "instances": [
        {
          "schema_version": 0,
          "attributes": {
            "allocation_method": "Dynamic",
            "ddos_protection_mode": "VirtualNetworkInherited",
            "ddos_protection_plan_id": null,
            "domain_name_label": null,
            "edge_zone": "",
            "fqdn": null,
            "id": "/subscriptions/0c680750-977c-4878-8aa3-3d23caa45b53/resourceGroups/aayush-rg100/providers/Microsoft.Network/publicIPAddresses/myPublicIP",
            "idle_timeout_in_minutes": 4,
            "ip_address": "",
            "ip_tags": null,
            "ip_version": "IPv4",
            "location": "eastus",
            "name": "myPublicIP",
            "public_ip_prefix_id": null,
            "resource_group_name": "aayush-rg100",
            "reverse_fqdn": null,
            "sku": "Basic",
            "sku_tier": "Regional",
            "tags": null,
            "timeouts": null,
            "zones": null
          },
          "sensitive_attributes": [],
          "private": "eyJlMmJmYjczMC1lY2FhLTExZTYtOGY4OC0zNDM2M2JjN2M0YzAiOnsiY3JlYXRlIjoxODAwMDAwMDAwMDAwLCJkZWxldGUiOjE4MDAwMDAwMDAwMDAsInJlYWQiOjMwMDAwMDAwMDAwMCwidXBkYXRlIjoxODAwMDAwMDAwMDAwfX0=",
          "dependencies": [
            "module.rg.azurerm_resource_group.example"
          ]
        }
      ]
    },
    {
      "module": "module.vm",
      "mode": "managed",
      "type": "tls_private_key",
      "name": "example_ssh",
      "provider": "provider[\"registry.terraform.io/hashicorp/tls\"]",
      "instances": [
        {
          "schema_version": 1,
          "attributes": {
            "algorithm": "RSA",
            "ecdsa_curve": "P224",
            "id": "a52d9e877e45be75afa8bebe7142dfd4d972d967",
            "private_key_openssh": "-----BEGIN OPENSSH PRIVATE KEY-----\nb3BlbnNzaC1rZXktdjEAAAAABG5vbmUAAAAEbm9uZQAAAAAAAAABAAACFwAAAAdz\nc2gtcnNhAAAAAwEAAQAAAgEA0iHZQjS6CP+t3MdRC/vrveBYk3dsnJdyY0eLhNAo\nCENf17I/61fFjrokIXb7TQh/EFxKrF4tvJyPMTRBSVUf93pbp+OO52WmIcrt9rYD\nQw2DBVrt1NwEmso6ha6pwv6KJzfoV7E8z9foyHQYUIuMsxAu5cLmANzFJe7RwjIb\nMZ1IPdYKmOBE0PkRaNumvNwc/NPdYJJ451t35An4jNT5obKIqCYv27Laq9xrKG8W\ntQ8p70VssnOzz7dNLzdttVGPfDKuRYuU0m+m57DfiLCyi27owTWpcevu7AfQdRBW\na99azAexb48Cn3GctSnYgvBe3JaItTT/Ktd8RN+DSJbMvB8wfvZPyAC2P0hMS7gm\nq8tBDfiUriGdA0FIUfyOOXN/jI4yQqhlxLEVK1MGX3xaDX0PaB5PN+51u1L1wzLg\n8qu1FHaC9lFRd07c4CsOfidAdOuLepVi1tCbR9ZDvvA6czbvuGJ+UFKmkyDofVgP\n1QgrGME/RcZ5j4Xc2f7KAWHTr5/fcM/yjfABJoSydcLSrwHEtS6CqjMnF4jVs3Ue\nhnC1f2CuEvfdW0G2RadlkHzPJZzoebh3Oft0yFpTlV5l8+dYVHjd0cdy4pSBG7zO\no/edxSLK6FbB+wchZUJGhW77Am7Nx2Hkv+uSakKY6N9VWmm3ERR0P+ajyFTfs5yy\nGQMAAAc4PYGVfz2BlX8AAAAHc3NoLXJzYQAAAgEA0iHZQjS6CP+t3MdRC/vrveBY\nk3dsnJdyY0eLhNAoCENf17I/61fFjrokIXb7TQh/EFxKrF4tvJyPMTRBSVUf93pb\np+OO52WmIcrt9rYDQw2DBVrt1NwEmso6ha6pwv6KJzfoV7E8z9foyHQYUIuMsxAu\n5cLmANzFJe7RwjIbMZ1IPdYKmOBE0PkRaNumvNwc/NPdYJJ451t35An4jNT5obKI\nqCYv27Laq9xrKG8WtQ8p70VssnOzz7dNLzdttVGPfDKuRYuU0m+m57DfiLCyi27o\nwTWpcevu7AfQdRBWa99azAexb48Cn3GctSnYgvBe3JaItTT/Ktd8RN+DSJbMvB8w\nfvZPyAC2P0hMS7gmq8tBDfiUriGdA0FIUfyOOXN/jI4yQqhlxLEVK1MGX3xaDX0P\naB5PN+51u1L1wzLg8qu1FHaC9lFRd07c4CsOfidAdOuLepVi1tCbR9ZDvvA6czbv\nuGJ+UFKmkyDofVgP1QgrGME/RcZ5j4Xc2f7KAWHTr5/fcM/yjfABJoSydcLSrwHE\ntS6CqjMnF4jVs3UehnC1f2CuEvfdW0G2RadlkHzPJZzoebh3Oft0yFpTlV5l8+dY\nVHjd0cdy4pSBG7zOo/edxSLK6FbB+wchZUJGhW77Am7Nx2Hkv+uSakKY6N9VWmm3\nERR0P+ajyFTfs5yyGQMAAAADAQABAAACAFo8PN7IY6cfnJq1YOFjki1cnMzeuN5Z\nzr5BZ/Flrfs2a37lxbsbWvPajU9tl6bR4ja1Wz+/xaY8GOWJSgviqTKN8bQb7S8D\nIJ9cVGngaXAu6jevf3gr7zJFa3IiujXJNqx2vqiBrNqYHheOey6Dbq0qYuk5k6mF\nJIgQkTTybWkV4ILlWnGhxQt0GXzM7kIlx7Dujh89Zvv69HYRrhFUF8rPLw3+MAkJ\nOgwZQE8BvV+NHnXoey/6rZmiXlvLUqpNVu9/mAS3VvYzChpugt9g+ZsUypDFqXkJ\nVvU2uda7aFE0ffolx5VfdUHg+Ol3CcnYzPOvFQ+zrWvJU00EKo1ObKYIThbZv+Gh\nJTAhSSRbv1jJuL4BNmBPsrMbJ7L3GXAc+RLQlYMHMdhocZwtG9/aSKa0ohe5kgOq\nQvGrRU4PoGN5pRg05cgKBk2Y53RTqFfPLGHtWLD3M72jp6iWVM8GAIqzvO+pBAv4\nzMlYktc27lEL4dfvbKgyJG18F21rY0ZnwU/dRWU/Nb7eaOj/SMr5TLZU3/YALXsG\nMNqGBASxJxgNVGpySyuuj8NX+podtDveZx9YZh+MYi268/H4353wyIy1LZG9ypQR\nm5RQsu2QnV9txwsCSBNB+IJvQV6TQiXsvngKKPL8bSu8yetZyjrvBK3XT5zblepV\nm0oUqkAXFC9pAAABAQCXZDSd4eqbJuQYVpitWic+AAU4A4CcOvizqsxJ0p8sbY6S\nOk0a/Nexp7V5ruR2l/tDP+5NCNRUCXomP9Zts4hE6EQWr9/JH1KBl5YbnmngAvVN\npzq1YrVPDv+1E2jctSwECWkqk2xH99ICX0n6HMpf9a1gq93RKrwL+I160/CVNTrX\naFquC2Dg/rFm4aGLGUswtQ1Kwuo8bDExSjDNdk2vPklGyVGCqavbpgD5PKgI8TQ3\nHsVRmbUyjgzBNYzXnvyFCUcwCwdulwuh/zKw0KybDwWi3N2xMLe3Dr949BMz0tMb\n1cvFM3SWdXdWB9kUmBuT0UTlObC3Ll4KMmBHqzibAAABAQD9DaNyWfRSuU1noGA4\n+DAvlFthr00HQswcmNB/ZJzh97C0gk8IjEXbXtGIcjkrQd0WtPeePx1eKzuFR1W3\nPFi0fTDHr6UE6zL3Agi+4Y1WPV56sUnb1R50xGm0X4kb7K0p2Lcs0bMrhWKP4OQq\nzBzxKtqjvvQG5WwWTU/14lTOGf2TmsJU+DgesbuK+aQfYzJ7aUJfHOc6Q2N9cxaz\nejHSZnYTFMFOmtgNDDJnNyFe6lAm8hN8ilOntOiY6symHdETY7XgnjiBcKg8B4HI\n+9coTqqyb8/sZES3VfGbYUOh0K7G+TyUW3io27eHmN39kxAsd0BmlITxbWazjCr3\nD+InAAABAQDUlELJ0rPE6/fsI8ACBuGfpRhziz9WH+/BjgVX08apsrkT8mCJzRLI\n/tDt75rwtqqpdZIdUJOwVQPq6IhPE1u3/j8xWY3BP6ykABbSzdxhmPyAF52QcMbf\nfSN7wqHZzU7QHrcAbTZKyiwWezTYeN6cfdtDIK7oCvopIx1TTFGO5dNaiAbPXYDj\nPcIQCY5jTLSEVcz9l//LMwkdfb/imaGdlfswKptfKmPFWimWtAJtXDCjbAsoBA7g\nsSzJFNEfDGeUvfy9O0LR0IH313uhEvTgybmF2+U/cThiHd3fvdA5iUk8B2Yaxbjy\noc/CfYVRMYD9lqqCRucEHaIGJdXvpgfFAAAAAAEC\n-----END OPENSSH PRIVATE KEY-----\n",
            "private_key_pem": "-----BEGIN RSA PRIVATE KEY-----\nMIIJKAIBAAKCAgEA0iHZQjS6CP+t3MdRC/vrveBYk3dsnJdyY0eLhNAoCENf17I/\n61fFjrokIXb7TQh/EFxKrF4tvJyPMTRBSVUf93pbp+OO52WmIcrt9rYDQw2DBVrt\n1NwEmso6ha6pwv6KJzfoV7E8z9foyHQYUIuMsxAu5cLmANzFJe7RwjIbMZ1IPdYK\nmOBE0PkRaNumvNwc/NPdYJJ451t35An4jNT5obKIqCYv27Laq9xrKG8WtQ8p70Vs\nsnOzz7dNLzdttVGPfDKuRYuU0m+m57DfiLCyi27owTWpcevu7AfQdRBWa99azAex\nb48Cn3GctSnYgvBe3JaItTT/Ktd8RN+DSJbMvB8wfvZPyAC2P0hMS7gmq8tBDfiU\nriGdA0FIUfyOOXN/jI4yQqhlxLEVK1MGX3xaDX0PaB5PN+51u1L1wzLg8qu1FHaC\n9lFRd07c4CsOfidAdOuLepVi1tCbR9ZDvvA6czbvuGJ+UFKmkyDofVgP1QgrGME/\nRcZ5j4Xc2f7KAWHTr5/fcM/yjfABJoSydcLSrwHEtS6CqjMnF4jVs3UehnC1f2Cu\nEvfdW0G2RadlkHzPJZzoebh3Oft0yFpTlV5l8+dYVHjd0cdy4pSBG7zOo/edxSLK\n6FbB+wchZUJGhW77Am7Nx2Hkv+uSakKY6N9VWmm3ERR0P+ajyFTfs5yyGQMCAwEA\nAQKCAgBaPDzeyGOnH5yatWDhY5ItXJzM3rjeWc6+QWfxZa37Nmt+5cW7G1rz2o1P\nbZem0eI2tVs/v8WmPBjliUoL4qkyjfG0G+0vAyCfXFRp4GlwLuo3r394K+8yRWty\nIro1yTasdr6ogazamB4Xjnsug26tKmLpOZOphSSIEJE08m1pFeCC5VpxocULdBl8\nzO5CJcew7o4fPWb7+vR2Ea4RVBfKzy8N/jAJCToMGUBPAb1fjR516Hsv+q2Zol5b\ny1KqTVbvf5gEt1b2MwoaboLfYPmbFMqQxal5CVb1NrnWu2hRNH36JceVX3VB4Pjp\ndwnJ2MzzrxUPs61ryVNNBCqNTmymCE4W2b/hoSUwIUkkW79Yybi+ATZgT7KzGyey\n9xlwHPkS0JWDBzHYaHGcLRvf2kimtKIXuZIDqkLxq0VOD6BjeaUYNOXICgZNmOd0\nU6hXzyxh7Viw9zO9o6eollTPBgCKs7zvqQQL+MzJWJLXNu5RC+HX72yoMiRtfBdt\na2NGZ8FP3UVlPzW+3mjo/0jK+Uy2VN/2AC17BjDahgQEsScYDVRqcksrro/DV/qa\nHbQ73mcfWGYfjGItuvPx+N+d8MiMtS2RvcqUEZuUULLtkJ1fbccLAkgTQfiCb0Fe\nk0Il7L54Cijy/G0rvMnrWco67wSt10+c25XqVZtKFKpAFxQvaQKCAQEA/Q2jcln0\nUrlNZ6BgOPgwL5RbYa9NB0LMHJjQf2Sc4fewtIJPCIxF217RiHI5K0HdFrT3nj8d\nXis7hUdVtzxYtH0wx6+lBOsy9wIIvuGNVj1eerFJ29UedMRptF+JG+ytKdi3LNGz\nK4Vij+DkKswc8Srao770BuVsFk1P9eJUzhn9k5rCVPg4HrG7ivmkH2Mye2lCXxzn\nOkNjfXMWs3ox0mZ2ExTBTprYDQwyZzchXupQJvITfIpTp7TomOrMph3RE2O14J44\ngXCoPAeByPvXKE6qsm/P7GREt1Xxm2FDodCuxvk8lFt4qNu3h5jd/ZMQLHdAZpSE\n8W1ms4wq9w/iJwKCAQEA1JRCydKzxOv37CPAAgbhn6UYc4s/Vh/vwY4FV9PGqbK5\nE/Jgic0SyP7Q7e+a8LaqqXWSHVCTsFUD6uiITxNbt/4/MVmNwT+spAAW0s3cYZj8\ngBedkHDG330je8Kh2c1O0B63AG02SsosFns02HjenH3bQyCu6Ar6KSMdU0xRjuXT\nWogGz12A4z3CEAmOY0y0hFXM/Zf/yzMJHX2/4pmhnZX7MCqbXypjxVoplrQCbVww\no2wLKAQO4LEsyRTRHwxnlL38vTtC0dCB99d7oRL04Mm5hdvlP3E4Yh3d373QOYlJ\nPAdmGsW48qHPwn2FUTGA/ZaqgkbnBB2iBiXV76YHxQKCAQBotHT1wsy6Udv6Tbyi\ntebSOROalrtLjtL/3icfHxVe1mryNZzYD5p0C4ata33GLUl6tMRkYP8Y0NCe9AY+\nfCTEAazmYwHnyB3dYKUXviIKFfh60dKauFMSw5ZtQL5tpH99+iLI07fMATPoDoi6\nQJyVGUNAT6mPFOylSbYVKmImqVBn+7f/CnnGEYplFahYKGZh9Aq3ajEuxWVsKeux\ntZTZ1vVyLbtSd/V/aJWOaZxQNqmVg8KWXHICyXMYmsa00U+KM061MyJ0RJYHyJ9l\n9vZuwiYVEPi6ej6IkXIX9aXTVZKL1+K+DB8f11HYNGNeIbSmgW1PRJLBhp/hGNVK\nRvMvAoIBAEBplDs3PwWCQqMoyftTPnZzPg90uAJOtwU9FV1hbCbrYq0qmhnnK7P/\nkismmRorH1ctqtJ7IeUiPYemYfcj9Hyx60/2xL8zngorhL7nZcmk442kmje0FG6P\nqnrLpOMsFJ93Txgv/212CRnex0p4hWuBrziN5LGm8doZK7+btnLILNyXrwiSWoWA\npxbY7m4kReZ7YRvOPNHDaxWmjsgIqTHoyi30GxQg8g5QnZ1uefXNI2fBSzga0q8+\nwEVFq3/u8EvfrX9hP4P33AnPH0TVS6H5Pd/Tm4k3s0/3oM005K0qbihkTYn7M2lB\nooRaKFVL3Lv6NTw4Y7OZjwix2js9YckCggEBAJdkNJ3h6psm5BhWmK1aJz4ABTgD\ngJw6+LOqzEnSnyxtjpI6TRr817GntXmu5HaX+0M/7k0I1FQJeiY/1m2ziEToRBav\n38kfUoGXlhueaeAC9U2nOrVitU8O/7UTaNy1LAQJaSqTbEf30gJfSfocyl/1rWCr\n3dEqvAv4jXrT8JU1OtdoWq4LYOD+sWbhoYsZSzC1DUrC6jxsMTFKMM12Ta8+SUbJ\nUYKpq9umAPk8qAjxNDcexVGZtTKODME1jNee/IUJRzALB26XC6H/MrDQrJsPBaLc\n3bEwt7cOv3j0EzPS0xvVy8UzdJZ1d1YH2RSYG5PRROU5sLcuXgoyYEerOJs=\n-----END RSA PRIVATE KEY-----\n",
            "private_key_pem_pkcs8": "-----BEGIN PRIVATE KEY-----\nMIIJQgIBADANBgkqhkiG9w0BAQEFAASCCSwwggkoAgEAAoICAQDSIdlCNLoI/63c\nx1EL++u94FiTd2ycl3JjR4uE0CgIQ1/Xsj/rV8WOuiQhdvtNCH8QXEqsXi28nI8x\nNEFJVR/3elun447nZaYhyu32tgNDDYMFWu3U3ASayjqFrqnC/oonN+hXsTzP1+jI\ndBhQi4yzEC7lwuYA3MUl7tHCMhsxnUg91gqY4ETQ+RFo26a83Bz8091gknjnW3fk\nCfiM1PmhsoioJi/bstqr3Gsobxa1DynvRWyyc7PPt00vN221UY98Mq5Fi5TSb6bn\nsN+IsLKLbujBNalx6+7sB9B1EFZr31rMB7FvjwKfcZy1KdiC8F7cloi1NP8q13xE\n34NIlsy8HzB+9k/IALY/SExLuCary0EN+JSuIZ0DQUhR/I45c3+MjjJCqGXEsRUr\nUwZffFoNfQ9oHk837nW7UvXDMuDyq7UUdoL2UVF3TtzgKw5+J0B064t6lWLW0JtH\n1kO+8DpzNu+4Yn5QUqaTIOh9WA/VCCsYwT9FxnmPhdzZ/soBYdOvn99wz/KN8AEm\nhLJ1wtKvAcS1LoKqMycXiNWzdR6GcLV/YK4S991bQbZFp2WQfM8lnOh5uHc5+3TI\nWlOVXmXz51hUeN3Rx3LilIEbvM6j953FIsroVsH7ByFlQkaFbvsCbs3HYeS/65Jq\nQpjo31VaabcRFHQ/5qPIVN+znLIZAwIDAQABAoICAFo8PN7IY6cfnJq1YOFjki1c\nnMzeuN5Zzr5BZ/Flrfs2a37lxbsbWvPajU9tl6bR4ja1Wz+/xaY8GOWJSgviqTKN\n8bQb7S8DIJ9cVGngaXAu6jevf3gr7zJFa3IiujXJNqx2vqiBrNqYHheOey6Dbq0q\nYuk5k6mFJIgQkTTybWkV4ILlWnGhxQt0GXzM7kIlx7Dujh89Zvv69HYRrhFUF8rP\nLw3+MAkJOgwZQE8BvV+NHnXoey/6rZmiXlvLUqpNVu9/mAS3VvYzChpugt9g+ZsU\nypDFqXkJVvU2uda7aFE0ffolx5VfdUHg+Ol3CcnYzPOvFQ+zrWvJU00EKo1ObKYI\nThbZv+GhJTAhSSRbv1jJuL4BNmBPsrMbJ7L3GXAc+RLQlYMHMdhocZwtG9/aSKa0\nohe5kgOqQvGrRU4PoGN5pRg05cgKBk2Y53RTqFfPLGHtWLD3M72jp6iWVM8GAIqz\nvO+pBAv4zMlYktc27lEL4dfvbKgyJG18F21rY0ZnwU/dRWU/Nb7eaOj/SMr5TLZU\n3/YALXsGMNqGBASxJxgNVGpySyuuj8NX+podtDveZx9YZh+MYi268/H4353wyIy1\nLZG9ypQRm5RQsu2QnV9txwsCSBNB+IJvQV6TQiXsvngKKPL8bSu8yetZyjrvBK3X\nT5zblepVm0oUqkAXFC9pAoIBAQD9DaNyWfRSuU1noGA4+DAvlFthr00HQswcmNB/\nZJzh97C0gk8IjEXbXtGIcjkrQd0WtPeePx1eKzuFR1W3PFi0fTDHr6UE6zL3Agi+\n4Y1WPV56sUnb1R50xGm0X4kb7K0p2Lcs0bMrhWKP4OQqzBzxKtqjvvQG5WwWTU/1\n4lTOGf2TmsJU+DgesbuK+aQfYzJ7aUJfHOc6Q2N9cxazejHSZnYTFMFOmtgNDDJn\nNyFe6lAm8hN8ilOntOiY6symHdETY7XgnjiBcKg8B4HI+9coTqqyb8/sZES3VfGb\nYUOh0K7G+TyUW3io27eHmN39kxAsd0BmlITxbWazjCr3D+InAoIBAQDUlELJ0rPE\n6/fsI8ACBuGfpRhziz9WH+/BjgVX08apsrkT8mCJzRLI/tDt75rwtqqpdZIdUJOw\nVQPq6IhPE1u3/j8xWY3BP6ykABbSzdxhmPyAF52QcMbffSN7wqHZzU7QHrcAbTZK\nyiwWezTYeN6cfdtDIK7oCvopIx1TTFGO5dNaiAbPXYDjPcIQCY5jTLSEVcz9l//L\nMwkdfb/imaGdlfswKptfKmPFWimWtAJtXDCjbAsoBA7gsSzJFNEfDGeUvfy9O0LR\n0IH313uhEvTgybmF2+U/cThiHd3fvdA5iUk8B2Yaxbjyoc/CfYVRMYD9lqqCRucE\nHaIGJdXvpgfFAoIBAGi0dPXCzLpR2/pNvKK15tI5E5qWu0uO0v/eJx8fFV7WavI1\nnNgPmnQLhq1rfcYtSXq0xGRg/xjQ0J70Bj58JMQBrOZjAefIHd1gpRe+IgoV+HrR\n0pq4UxLDlm1Avm2kf336IsjTt8wBM+gOiLpAnJUZQ0BPqY8U7KVJthUqYiapUGf7\nt/8KecYRimUVqFgoZmH0CrdqMS7FZWwp67G1lNnW9XItu1J39X9olY5pnFA2qZWD\nwpZccgLJcxiaxrTRT4ozTrUzInRElgfIn2X29m7CJhUQ+Lp6PoiRchf1pdNVkovX\n4r4MHx/XUdg0Y14htKaBbU9EksGGn+EY1UpG8y8CggEAQGmUOzc/BYJCoyjJ+1M+\ndnM+D3S4Ak63BT0VXWFsJutirSqaGecrs/+SKyaZGisfVy2q0nsh5SI9h6Zh9yP0\nfLHrT/bEvzOeCiuEvudlyaTjjaSaN7QUbo+qesuk4ywUn3dPGC//bXYJGd7HSniF\na4GvOI3ksabx2hkrv5u2csgs3JevCJJahYCnFtjubiRF5nthG8480cNrFaaOyAip\nMejKLfQbFCDyDlCdnW559c0jZ8FLOBrSrz7ARUWrf+7wS9+tf2E/g/fcCc8fRNVL\nofk939ObiTezT/egzTTkrSpuKGRNifszaUGihFooVUvcu/o1PDhjs5mPCLHaOz1h\nyQKCAQEAl2Q0neHqmybkGFaYrVonPgAFOAOAnDr4s6rMSdKfLG2OkjpNGvzXsae1\nea7kdpf7Qz/uTQjUVAl6Jj/WbbOIROhEFq/fyR9SgZeWG55p4AL1Tac6tWK1Tw7/\ntRNo3LUsBAlpKpNsR/fSAl9J+hzKX/WtYKvd0Sq8C/iNetPwlTU612hargtg4P6x\nZuGhixlLMLUNSsLqPGwxMUowzXZNrz5JRslRgqmr26YA+TyoCPE0Nx7FUZm1Mo4M\nwTWM1578hQlHMAsHbpcLof8ysNCsmw8FotzdsTC3tw6/ePQTM9LTG9XLxTN0lnV3\nVgfZFJgbk9FE5Tmwty5eCjJgR6s4mw==\n-----END PRIVATE KEY-----\n",
            "public_key_fingerprint_md5": "c0:17:71:c9:c4:3e:4b:59:70:e7:27:5d:b5:36:fc:08",
            "public_key_fingerprint_sha256": "SHA256:ORauGoaTPJ7El2dPNUIeLqSSuw4rhR4tnGm1zKtnmqk",
            "public_key_openssh": "ssh-rsa AAAAB3NzaC1yc2EAAAADAQABAAACAQDSIdlCNLoI/63cx1EL++u94FiTd2ycl3JjR4uE0CgIQ1/Xsj/rV8WOuiQhdvtNCH8QXEqsXi28nI8xNEFJVR/3elun447nZaYhyu32tgNDDYMFWu3U3ASayjqFrqnC/oonN+hXsTzP1+jIdBhQi4yzEC7lwuYA3MUl7tHCMhsxnUg91gqY4ETQ+RFo26a83Bz8091gknjnW3fkCfiM1PmhsoioJi/bstqr3Gsobxa1DynvRWyyc7PPt00vN221UY98Mq5Fi5TSb6bnsN+IsLKLbujBNalx6+7sB9B1EFZr31rMB7FvjwKfcZy1KdiC8F7cloi1NP8q13xE34NIlsy8HzB+9k/IALY/SExLuCary0EN+JSuIZ0DQUhR/I45c3+MjjJCqGXEsRUrUwZffFoNfQ9oHk837nW7UvXDMuDyq7UUdoL2UVF3TtzgKw5+J0B064t6lWLW0JtH1kO+8DpzNu+4Yn5QUqaTIOh9WA/VCCsYwT9FxnmPhdzZ/soBYdOvn99wz/KN8AEmhLJ1wtKvAcS1LoKqMycXiNWzdR6GcLV/YK4S991bQbZFp2WQfM8lnOh5uHc5+3TIWlOVXmXz51hUeN3Rx3LilIEbvM6j953FIsroVsH7ByFlQkaFbvsCbs3HYeS/65JqQpjo31VaabcRFHQ/5qPIVN+znLIZAw==\n",
            "public_key_pem": "-----BEGIN PUBLIC KEY-----\nMIICIjANBgkqhkiG9w0BAQEFAAOCAg8AMIICCgKCAgEA0iHZQjS6CP+t3MdRC/vr\nveBYk3dsnJdyY0eLhNAoCENf17I/61fFjrokIXb7TQh/EFxKrF4tvJyPMTRBSVUf\n93pbp+OO52WmIcrt9rYDQw2DBVrt1NwEmso6ha6pwv6KJzfoV7E8z9foyHQYUIuM\nsxAu5cLmANzFJe7RwjIbMZ1IPdYKmOBE0PkRaNumvNwc/NPdYJJ451t35An4jNT5\nobKIqCYv27Laq9xrKG8WtQ8p70VssnOzz7dNLzdttVGPfDKuRYuU0m+m57DfiLCy\ni27owTWpcevu7AfQdRBWa99azAexb48Cn3GctSnYgvBe3JaItTT/Ktd8RN+DSJbM\nvB8wfvZPyAC2P0hMS7gmq8tBDfiUriGdA0FIUfyOOXN/jI4yQqhlxLEVK1MGX3xa\nDX0PaB5PN+51u1L1wzLg8qu1FHaC9lFRd07c4CsOfidAdOuLepVi1tCbR9ZDvvA6\nczbvuGJ+UFKmkyDofVgP1QgrGME/RcZ5j4Xc2f7KAWHTr5/fcM/yjfABJoSydcLS\nrwHEtS6CqjMnF4jVs3UehnC1f2CuEvfdW0G2RadlkHzPJZzoebh3Oft0yFpTlV5l\n8+dYVHjd0cdy4pSBG7zOo/edxSLK6FbB+wchZUJGhW77Am7Nx2Hkv+uSakKY6N9V\nWmm3ERR0P+ajyFTfs5yyGQMCAwEAAQ==\n-----END PUBLIC KEY-----\n",
            "rsa_bits": 4096
          },
          "sensitive_attributes": []
        }
      ]
    },
    {
      "module": "module.vnet",
      "mode": "managed",
      "type": "azurerm_subnet",
      "name": "example-1",
      "provider": "provider[\"registry.terraform.io/hashicorp/azurerm\"]",
      "instances": [
        {
          "schema_version": 0,
          "attributes": {
            "address_prefixes": [
              "10.1.0.0/24"
            ],
            "delegation": [],
            "enforce_private_link_endpoint_network_policies": false,
            "enforce_private_link_service_network_policies": false,
            "id": "/subscriptions/0c680750-977c-4878-8aa3-3d23caa45b53/resourceGroups/aayush-rg100/providers/Microsoft.Network/virtualNetworks/vnet01/subnets/subnet01",
            "name": "subnet01",
            "private_endpoint_network_policies_enabled": true,
            "private_link_service_network_policies_enabled": true,
            "resource_group_name": "aayush-rg100",
            "service_endpoint_policy_ids": null,
            "service_endpoints": null,
            "timeouts": null,
            "virtual_network_name": "vnet01"
          },
          "sensitive_attributes": [],
          "private": "eyJlMmJmYjczMC1lY2FhLTExZTYtOGY4OC0zNDM2M2JjN2M0YzAiOnsiY3JlYXRlIjoxODAwMDAwMDAwMDAwLCJkZWxldGUiOjE4MDAwMDAwMDAwMDAsInJlYWQiOjMwMDAwMDAwMDAwMCwidXBkYXRlIjoxODAwMDAwMDAwMDAwfX0=",
          "dependencies": [
            "module.rg.azurerm_resource_group.example",
            "module.vnet.azurerm_virtual_network.example-1"
          ]
        }
      ]
    },
    {
      "module": "module.vnet",
      "mode": "managed",
      "type": "azurerm_virtual_network",
      "name": "example-1",
      "provider": "provider[\"registry.terraform.io/hashicorp/azurerm\"]",
      "instances": [
        {
          "schema_version": 0,
          "attributes": {
            "address_space": [
              "10.1.0.0/16"
            ],
            "bgp_community": "",
            "ddos_protection_plan": [],
            "dns_servers": [],
            "edge_zone": "",
            "flow_timeout_in_minutes": 0,
            "guid": "23a0a161-336a-4a62-8c08-817c75dbe002",
            "id": "/subscriptions/0c680750-977c-4878-8aa3-3d23caa45b53/resourceGroups/aayush-rg100/providers/Microsoft.Network/virtualNetworks/vnet01",
            "location": "eastus",
            "name": "vnet01",
            "resource_group_name": "aayush-rg100",
            "subnet": [],
            "tags": null,
            "timeouts": null
          },
          "sensitive_attributes": [],
          "private": "eyJlMmJmYjczMC1lY2FhLTExZTYtOGY4OC0zNDM2M2JjN2M0YzAiOnsiY3JlYXRlIjoxODAwMDAwMDAwMDAwLCJkZWxldGUiOjE4MDAwMDAwMDAwMDAsInJlYWQiOjMwMDAwMDAwMDAwMCwidXBkYXRlIjoxODAwMDAwMDAwMDAwfX0=",
          "dependencies": [
            "module.rg.azurerm_resource_group.example"
          ]
        }
      ]
    }
  ],
  "check_results": null
}
