{
  "version": 4,
  "terraform_version": "1.4.6",
  "serial": 120,
  "lineage": "79b6f7fa-4c91-b94a-079d-4bc6a8e39eec",
  "outputs": {
    "ip_address": {
      "value": "10.0.1.4",
      "type": "string"
    }
  },
  "resources": [
    {
      "mode": "data",
      "type": "azurerm_resource_group",
      "name": "example",
      "provider": "provider[\"registry.terraform.io/hashicorp/azurerm\"]",
      "instances": [
        {
          "schema_version": 0,
          "attributes": {
            "id": "/subscriptions/d6ec94f2-fd05-4a12-9d2d-869b241e0e72/resourceGroups/aayush-rg",
            "location": "eastus",
            "name": "aayush-rg",
            "tags": {},
            "timeouts": null
          },
          "sensitive_attributes": []
        }
      ]
    },
    {
      "mode": "managed",
      "type": "azurerm_application_gateway",
      "name": "application-gateway",
      "provider": "provider[\"registry.terraform.io/hashicorp/azurerm\"]",
      "instances": [
        {
          "schema_version": 0,
          "attributes": {
            "authentication_certificate": [],
            "autoscale_configuration": [],
            "backend_address_pool": [
              {
                "fqdns": [],
                "id": "/subscriptions/d6ec94f2-fd05-4a12-9d2d-869b241e0e72/resourceGroups/aayush-rg/providers/Microsoft.Network/applicationGateways/app-gateway/backendAddressPools/backend-pool",
                "ip_addresses": [
                  "10.0.1.4"
                ],
                "name": "backend-pool"
              }
            ],
            "backend_http_settings": [
              {
                "affinity_cookie_name": "",
                "authentication_certificate": [],
                "connection_draining": [],
                "cookie_based_affinity": "Disabled",
                "host_name": "",
                "id": "/subscriptions/d6ec94f2-fd05-4a12-9d2d-869b241e0e72/resourceGroups/aayush-rg/providers/Microsoft.Network/applicationGateways/app-gateway/backendHttpSettingsCollection/backendhttp",
                "name": "backendhttp",
                "path": "",
                "pick_host_name_from_backend_address": false,
                "port": 5000,
                "probe_id": "",
                "probe_name": "",
                "protocol": "Http",
                "request_timeout": 1,
                "trusted_root_certificate_names": []
              }
            ],
            "custom_error_configuration": [],
            "enable_http2": false,
            "fips_enabled": false,
            "firewall_policy_id": "",
            "force_firewall_policy_association": false,
            "frontend_ip_configuration": [
              {
                "id": "/subscriptions/d6ec94f2-fd05-4a12-9d2d-869b241e0e72/resourceGroups/aayush-rg/providers/Microsoft.Network/applicationGateways/app-gateway/frontendIPConfigurations/frontend-ip-config",
                "name": "frontend-ip-config",
                "private_ip_address": "",
                "private_ip_address_allocation": "Dynamic",
                "private_link_configuration_id": "",
                "private_link_configuration_name": "",
                "public_ip_address_id": "/subscriptions/d6ec94f2-fd05-4a12-9d2d-869b241e0e72/resourceGroups/aayush-rg/providers/Microsoft.Network/publicIPAddresses/public-ip",
                "subnet_id": ""
              }
            ],
            "frontend_port": [
              {
                "id": "/subscriptions/d6ec94f2-fd05-4a12-9d2d-869b241e0e72/resourceGroups/aayush-rg/providers/Microsoft.Network/applicationGateways/app-gateway/frontendPorts/example-frontend-port",
                "name": "example-frontend-port",
                "port": 80
              }
            ],
            "gateway_ip_configuration": [
              {
                "id": "/subscriptions/d6ec94f2-fd05-4a12-9d2d-869b241e0e72/resourceGroups/aayush-rg/providers/Microsoft.Network/applicationGateways/app-gateway/gatewayIPConfigurations/gateway-ip-config",
                "name": "gateway-ip-config",
                "subnet_id": "/subscriptions/d6ec94f2-fd05-4a12-9d2d-869b241e0e72/resourceGroups/aayush-rg/providers/Microsoft.Network/virtualNetworks/containervnet01/subnets/applicationsubnet"
              }
            ],
            "global": [],
            "http_listener": [
              {
                "custom_error_configuration": [],
                "firewall_policy_id": "",
                "frontend_ip_configuration_id": "/subscriptions/d6ec94f2-fd05-4a12-9d2d-869b241e0e72/resourceGroups/aayush-rg/providers/Microsoft.Network/applicationGateways/app-gateway/frontendIPConfigurations/frontend-ip-config",
                "frontend_ip_configuration_name": "frontend-ip-config",
                "frontend_port_id": "/subscriptions/d6ec94f2-fd05-4a12-9d2d-869b241e0e72/resourceGroups/aayush-rg/providers/Microsoft.Network/applicationGateways/app-gateway/frontendPorts/example-frontend-port",
                "frontend_port_name": "example-frontend-port",
                "host_name": "",
                "host_names": [],
                "id": "/subscriptions/d6ec94f2-fd05-4a12-9d2d-869b241e0e72/resourceGroups/aayush-rg/providers/Microsoft.Network/applicationGateways/app-gateway/httpListeners/listner",
                "name": "listner",
                "protocol": "Http",
                "require_sni": false,
                "ssl_certificate_id": "",
                "ssl_certificate_name": "",
                "ssl_profile_id": "",
                "ssl_profile_name": ""
              }
            ],
            "id": "/subscriptions/d6ec94f2-fd05-4a12-9d2d-869b241e0e72/resourceGroups/aayush-rg/providers/Microsoft.Network/applicationGateways/app-gateway",
            "identity": [],
            "location": "eastus",
            "name": "app-gateway",
            "private_endpoint_connection": [],
            "private_link_configuration": [],
            "probe": [],
            "redirect_configuration": [],
            "request_routing_rule": [
              {
                "backend_address_pool_id": "/subscriptions/d6ec94f2-fd05-4a12-9d2d-869b241e0e72/resourceGroups/aayush-rg/providers/Microsoft.Network/applicationGateways/app-gateway/backendAddressPools/backend-pool",
                "backend_address_pool_name": "backend-pool",
                "backend_http_settings_id": "/subscriptions/d6ec94f2-fd05-4a12-9d2d-869b241e0e72/resourceGroups/aayush-rg/providers/Microsoft.Network/applicationGateways/app-gateway/backendHttpSettingsCollection/backendhttp",
                "backend_http_settings_name": "backendhttp",
                "http_listener_id": "/subscriptions/d6ec94f2-fd05-4a12-9d2d-869b241e0e72/resourceGroups/aayush-rg/providers/Microsoft.Network/applicationGateways/app-gateway/httpListeners/listner",
                "http_listener_name": "listner",
                "id": "/subscriptions/d6ec94f2-fd05-4a12-9d2d-869b241e0e72/resourceGroups/aayush-rg/providers/Microsoft.Network/applicationGateways/app-gateway/requestRoutingRules/rule1",
                "name": "rule1",
                "priority": 2,
                "redirect_configuration_id": "",
                "redirect_configuration_name": "",
                "rewrite_rule_set_id": "",
                "rewrite_rule_set_name": "",
                "rule_type": "Basic",
                "url_path_map_id": "",
                "url_path_map_name": ""
              }
            ],
            "resource_group_name": "aayush-rg",
            "rewrite_rule_set": [],
            "sku": [
              {
                "capacity": 1,
                "name": "Standard_v2",
                "tier": "Standard_v2"
              }
            ],
            "ssl_certificate": [],
            "ssl_policy": [
              {
                "cipher_suites": [],
                "disabled_protocols": [],
                "min_protocol_version": "",
                "policy_name": "AppGwSslPolicy20150501",
                "policy_type": "Predefined"
              }
            ],
            "ssl_profile": [],
            "tags": null,
            "timeouts": null,
            "trusted_client_certificate": [],
            "trusted_root_certificate": [],
            "url_path_map": [],
            "waf_configuration": [],
            "zones": null
          },
          "sensitive_attributes": [],
          "private": "eyJlMmJmYjczMC1lY2FhLTExZTYtOGY4OC0zNDM2M2JjN2M0YzAiOnsiY3JlYXRlIjo1NDAwMDAwMDAwMDAwLCJkZWxldGUiOjU0MDAwMDAwMDAwMDAsInJlYWQiOjMwMDAwMDAwMDAwMCwidXBkYXRlIjo1NDAwMDAwMDAwMDAwfX0=",
          "dependencies": [
            "azurerm_container_group.example",
            "azurerm_public_ip.application-gateway",
            "azurerm_subnet.application-gateway",
            "azurerm_subnet.container",
            "azurerm_virtual_network.container",
            "data.azurerm_resource_group.example"
          ]
        }
      ]
    },
    {
      "mode": "managed",
      "type": "azurerm_container_group",
      "name": "example",
      "provider": "provider[\"registry.terraform.io/hashicorp/azurerm\"]",
      "instances": [
        {
          "schema_version": 0,
          "attributes": {
            "container": [
              {
                "commands": [],
                "cpu": 1.5,
                "cpu_limit": 0,
                "environment_variables": null,
                "gpu": [],
                "gpu_limit": [],
                "image": "aayush0307/pythonmyapp:V.35",
                "liveness_probe": [],
                "memory": 2,
                "memory_limit": 0,
                "name": "first-container",
                "ports": [
                  {
                    "port": 5000,
                    "protocol": "TCP"
                  }
                ],
                "readiness_probe": [],
                "secure_environment_variables": null,
                "volume": []
              }
            ],
            "diagnostics": [],
            "dns_config": [],
            "dns_name_label": "",
            "dns_name_label_reuse_policy": "Unsecure",
            "exposed_port": [
              {
                "port": 5000,
                "protocol": "TCP"
              }
            ],
            "fqdn": "",
            "id": "/subscriptions/d6ec94f2-fd05-4a12-9d2d-869b241e0e72/resourceGroups/aayush-rg/providers/Microsoft.ContainerInstance/containerGroups/first-container-group",
            "identity": [],
            "image_registry_credential": [],
            "init_container": [],
            "ip_address": "10.0.1.4",
            "ip_address_type": "Private",
            "key_vault_key_id": null,
            "location": "eastus",
            "name": "first-container-group",
            "network_profile_id": null,
            "os_type": "Linux",
            "resource_group_name": "aayush-rg",
            "restart_policy": "Always",
            "subnet_ids": [
              "/subscriptions/d6ec94f2-fd05-4a12-9d2d-869b241e0e72/resourceGroups/aayush-rg/providers/Microsoft.Network/virtualNetworks/containervnet01/subnets/default"
            ],
            "tags": null,
            "timeouts": null,
            "zones": null
          },
          "sensitive_attributes": [],
          "private": "eyJlMmJmYjczMC1lY2FhLTExZTYtOGY4OC0zNDM2M2JjN2M0YzAiOnsiY3JlYXRlIjoxODAwMDAwMDAwMDAwLCJkZWxldGUiOjE4MDAwMDAwMDAwMDAsInJlYWQiOjMwMDAwMDAwMDAwMCwidXBkYXRlIjoxODAwMDAwMDAwMDAwfX0=",
          "dependencies": [
            "azurerm_subnet.container",
            "azurerm_virtual_network.container",
            "data.azurerm_resource_group.example"
          ]
        }
      ]
    },
    {
      "mode": "managed",
      "type": "azurerm_public_ip",
      "name": "application-gateway",
      "provider": "provider[\"registry.terraform.io/hashicorp/azurerm\"]",
      "instances": [
        {
          "schema_version": 0,
          "attributes": {
            "allocation_method": "Static",
            "ddos_protection_mode": "VirtualNetworkInherited",
            "ddos_protection_plan_id": null,
            "domain_name_label": null,
            "edge_zone": "",
            "fqdn": null,
            "id": "/subscriptions/d6ec94f2-fd05-4a12-9d2d-869b241e0e72/resourceGroups/aayush-rg/providers/Microsoft.Network/publicIPAddresses/public-ip",
            "idle_timeout_in_minutes": 4,
            "ip_address": "172.190.223.26",
            "ip_tags": null,
            "ip_version": "IPv4",
            "location": "eastus",
            "name": "public-ip",
            "public_ip_prefix_id": null,
            "resource_group_name": "aayush-rg",
            "reverse_fqdn": null,
            "sku": "Standard",
            "sku_tier": "Regional",
            "tags": null,
            "timeouts": null,
            "zones": null
          },
          "sensitive_attributes": [],
          "private": "eyJlMmJmYjczMC1lY2FhLTExZTYtOGY4OC0zNDM2M2JjN2M0YzAiOnsiY3JlYXRlIjoxODAwMDAwMDAwMDAwLCJkZWxldGUiOjE4MDAwMDAwMDAwMDAsInJlYWQiOjMwMDAwMDAwMDAwMCwidXBkYXRlIjoxODAwMDAwMDAwMDAwfX0=",
          "dependencies": [
            "data.azurerm_resource_group.example"
          ]
        }
      ]
    },
    {
      "mode": "managed",
      "type": "azurerm_subnet",
      "name": "application-gateway",
      "provider": "provider[\"registry.terraform.io/hashicorp/azurerm\"]",
      "instances": [
        {
          "schema_version": 0,
          "attributes": {
            "address_prefixes": [
              "10.0.2.0/24"
            ],
            "delegation": [],
            "enforce_private_link_endpoint_network_policies": false,
            "enforce_private_link_service_network_policies": false,
            "id": "/subscriptions/d6ec94f2-fd05-4a12-9d2d-869b241e0e72/resourceGroups/aayush-rg/providers/Microsoft.Network/virtualNetworks/containervnet01/subnets/applicationsubnet",
            "name": "applicationsubnet",
            "private_endpoint_network_policies_enabled": true,
            "private_link_service_network_policies_enabled": true,
            "resource_group_name": "aayush-rg",
            "service_endpoint_policy_ids": null,
            "service_endpoints": null,
            "timeouts": null,
            "virtual_network_name": "containervnet01"
          },
          "sensitive_attributes": [],
          "private": "eyJlMmJmYjczMC1lY2FhLTExZTYtOGY4OC0zNDM2M2JjN2M0YzAiOnsiY3JlYXRlIjoxODAwMDAwMDAwMDAwLCJkZWxldGUiOjE4MDAwMDAwMDAwMDAsInJlYWQiOjMwMDAwMDAwMDAwMCwidXBkYXRlIjoxODAwMDAwMDAwMDAwfX0=",
          "dependencies": [
            "azurerm_virtual_network.container",
            "data.azurerm_resource_group.example"
          ]
        }
      ]
    },
    {
      "mode": "managed",
      "type": "azurerm_subnet",
      "name": "container",
      "provider": "provider[\"registry.terraform.io/hashicorp/azurerm\"]",
      "instances": [
        {
          "schema_version": 0,
          "attributes": {
            "address_prefixes": [
              "10.0.1.0/24"
            ],
            "delegation": [
              {
                "name": "subnet-delegation",
                "service_delegation": [
                  {
                    "actions": [
                      "Microsoft.Network/virtualNetworks/subnets/action"
                    ],
                    "name": "Microsoft.ContainerInstance/containerGroups"
                  }
                ]
              }
            ],
            "enforce_private_link_endpoint_network_policies": false,
            "enforce_private_link_service_network_policies": false,
            "id": "/subscriptions/d6ec94f2-fd05-4a12-9d2d-869b241e0e72/resourceGroups/aayush-rg/providers/Microsoft.Network/virtualNetworks/containervnet01/subnets/default",
            "name": "default",
            "private_endpoint_network_policies_enabled": true,
            "private_link_service_network_policies_enabled": true,
            "resource_group_name": "aayush-rg",
            "service_endpoint_policy_ids": null,
            "service_endpoints": null,
            "timeouts": null,
            "virtual_network_name": "containervnet01"
          },
          "sensitive_attributes": [],
          "private": "eyJlMmJmYjczMC1lY2FhLTExZTYtOGY4OC0zNDM2M2JjN2M0YzAiOnsiY3JlYXRlIjoxODAwMDAwMDAwMDAwLCJkZWxldGUiOjE4MDAwMDAwMDAwMDAsInJlYWQiOjMwMDAwMDAwMDAwMCwidXBkYXRlIjoxODAwMDAwMDAwMDAwfX0=",
          "dependencies": [
            "azurerm_virtual_network.container",
            "data.azurerm_resource_group.example"
          ]
        }
      ]
    },
    {
      "mode": "managed",
      "type": "azurerm_virtual_network",
      "name": "container",
      "provider": "provider[\"registry.terraform.io/hashicorp/azurerm\"]",
      "instances": [
        {
          "schema_version": 0,
          "attributes": {
            "address_space": [
              "10.0.0.0/16"
            ],
            "bgp_community": "",
            "ddos_protection_plan": [],
            "dns_servers": [],
            "edge_zone": "",
            "flow_timeout_in_minutes": 0,
            "guid": "05e089c1-d62a-4684-a863-81da4f17f8d9",
            "id": "/subscriptions/d6ec94f2-fd05-4a12-9d2d-869b241e0e72/resourceGroups/aayush-rg/providers/Microsoft.Network/virtualNetworks/containervnet01",
            "location": "eastus",
            "name": "containervnet01",
            "resource_group_name": "aayush-rg",
            "subnet": [],
            "tags": null,
            "timeouts": null
          },
          "sensitive_attributes": [],
          "private": "eyJlMmJmYjczMC1lY2FhLTExZTYtOGY4OC0zNDM2M2JjN2M0YzAiOnsiY3JlYXRlIjoxODAwMDAwMDAwMDAwLCJkZWxldGUiOjE4MDAwMDAwMDAwMDAsInJlYWQiOjMwMDAwMDAwMDAwMCwidXBkYXRlIjoxODAwMDAwMDAwMDAwfX0=",
          "dependencies": [
            "data.azurerm_resource_group.example"
          ]
        }
      ]
    }
  ],
  "check_results": null
}
