{
  "version": 4,
  "terraform_version": "1.4.6",
  "serial": 32,
  "lineage": "0a5797f4-8f65-f30c-dbf5-d47d2f6fff5e",
  "outputs": {},
  "resources": [
    {
      "mode": "managed",
      "type": "azurerm_policy_definition",
      "name": "example",
      "provider": "provider[\"registry.terraform.io/hashicorp/azurerm\"]",
      "instances": [
        {
          "schema_version": 0,
          "attributes": {
            "description": "",
            "display_name": "my-policy-definition",
            "id": "/subscriptions/d6ec94f2-fd05-4a12-9d2d-869b241e0e72/providers/Microsoft.Authorization/policyDefinitions/only-deploy-in-westeurope",
            "management_group_id": "",
            "metadata": "{\"createdBy\":\"8c4fd8ff-91b0-43ee-bb51-ea547fd3ff39\",\"createdOn\":\"2023-07-10T17:59:12.7837355Z\",\"updatedBy\":null,\"updatedOn\":null}",
            "mode": "All",
            "name": "only-deploy-in-westeurope",
            "parameters": "",
            "policy_rule": "{\"if\":{\"not\":{\"equals\":\"westeurope\",\"field\":\"location\"}},\"then\":{\"effect\":\"Deny\"}}",
            "policy_type": "Custom",
            "role_definition_ids": [],
            "timeouts": null
          },
          "sensitive_attributes": [],
          "private": "eyJlMmJmYjczMC1lY2FhLTExZTYtOGY4OC0zNDM2M2JjN2M0YzAiOnsiY3JlYXRlIjoxODAwMDAwMDAwMDAwLCJkZWxldGUiOjE4MDAwMDAwMDAwMDAsInJlYWQiOjMwMDAwMDAwMDAwMCwidXBkYXRlIjoxODAwMDAwMDAwMDAwfX0="
        }
      ]
    },
    {
      "mode": "managed",
      "type": "azurerm_resource_group",
      "name": "example",
      "provider": "provider[\"registry.terraform.io/hashicorp/azurerm\"]",
      "instances": [
        {
          "schema_version": 0,
          "attributes": {
            "id": "/subscriptions/d6ec94f2-fd05-4a12-9d2d-869b241e0e72/resourceGroups/example-resources01",
            "location": "eastus",
            "managed_by": "",
            "name": "example-resources01",
            "tags": null,
            "timeouts": null
          },
          "sensitive_attributes": [],
          "private": "eyJlMmJmYjczMC1lY2FhLTExZTYtOGY4OC0zNDM2M2JjN2M0YzAiOnsiY3JlYXRlIjo1NDAwMDAwMDAwMDAwLCJkZWxldGUiOjU0MDAwMDAwMDAwMDAsInJlYWQiOjMwMDAwMDAwMDAwMCwidXBkYXRlIjo1NDAwMDAwMDAwMDAwfX0="
        }
      ]
    },
    {
      "mode": "managed",
      "type": "azurerm_resource_group_policy_assignment",
      "name": "example",
      "provider": "provider[\"registry.terraform.io/hashicorp/azurerm\"]",
      "instances": [
        {
          "schema_version": 0,
          "attributes": {
            "description": "",
            "display_name": "",
            "enforce": true,
            "id": "/subscriptions/d6ec94f2-fd05-4a12-9d2d-869b241e0e72/resourceGroups/example-resources01/providers/Microsoft.Authorization/policyAssignments/example",
            "identity": [],
            "location": "",
            "metadata": "{\"createdBy\":\"8c4fd8ff-91b0-43ee-bb51-ea547fd3ff39\",\"createdOn\":\"2023-07-10T18:00:48.8192896Z\",\"updatedBy\":null,\"updatedOn\":null}",
            "name": "example",
            "non_compliance_message": [],
            "not_scopes": null,
            "overrides": [],
            "parameters": "",
            "policy_definition_id": "/subscriptions/d6ec94f2-fd05-4a12-9d2d-869b241e0e72/providers/Microsoft.Authorization/policyDefinitions/only-deploy-in-westeurope",
            "resource_group_id": "/subscriptions/d6ec94f2-fd05-4a12-9d2d-869b241e0e72/resourceGroups/example-resources01",
            "resource_selectors": [],
            "timeouts": null
          },
          "sensitive_attributes": [],
          "private": "eyJlMmJmYjczMC1lY2FhLTExZTYtOGY4OC0zNDM2M2JjN2M0YzAiOnsiY3JlYXRlIjoxODAwMDAwMDAwMDAwLCJkZWxldGUiOjE4MDAwMDAwMDAwMDAsInJlYWQiOjMwMDAwMDAwMDAwMCwidXBkYXRlIjoxODAwMDAwMDAwMDAwfX0=",
          "dependencies": [
            "azurerm_policy_definition.example",
            "azurerm_resource_group.example"
          ]
        }
      ]
    },
    {
      "mode": "managed",
      "type": "azurerm_subnet",
      "name": "container",
      "provider": "provider[\"registry.terraform.io/hashicorp/azurerm\"]",
      "instances": []
    }
  ],
  "check_results": null
}
